// !$*UTF8*$!
{
	archiveVersion = 1;
	classes = {
	};
	objectVersion = 46;
	objects = {

/* Begin PBXBuildFile section */
		7811D2C617A2550E0024839B /* AMRefTree.m in Sources */ = {isa = PBXBuildFile; fileRef = 7811D2C517A2550E0024839B /* AMRefTree.m */; };
		7811D2C717A2550E0024839B /* AMRefTree.m in Sources */ = {isa = PBXBuildFile; fileRef = 7811D2C517A2550E0024839B /* AMRefTree.m */; };
		7811D2CB17A255380024839B /* AMRefTreeNode.m in Sources */ = {isa = PBXBuildFile; fileRef = 7811D2CA17A255380024839B /* AMRefTreeNode.m */; };
		7811D2CC17A255380024839B /* AMRefTreeNode.m in Sources */ = {isa = PBXBuildFile; fileRef = 7811D2CA17A255380024839B /* AMRefTreeNode.m */; };
		7811D2CF17A257710024839B /* AMReferencedObjectHolder.m in Sources */ = {isa = PBXBuildFile; fileRef = 7811D2CE17A257710024839B /* AMReferencedObjectHolder.m */; };
		7811D2D017A257710024839B /* AMReferencedObjectHolder.m in Sources */ = {isa = PBXBuildFile; fileRef = 7811D2CE17A257710024839B /* AMReferencedObjectHolder.m */; };
		7832744C178F1D810051290B /* AMTrayItem.m in Sources */ = {isa = PBXBuildFile; fileRef = 7832744B178F1D810051290B /* AMTrayItem.m */; };
		7832744D178F1D810051290B /* AMTrayItem.m in Sources */ = {isa = PBXBuildFile; fileRef = 7832744B178F1D810051290B /* AMTrayItem.m */; };
		7847ECD017B777CB00333A84 /* AMExpressionDisplayOptions.m in Sources */ = {isa = PBXBuildFile; fileRef = 7847ECCF17B777CB00333A84 /* AMExpressionDisplayOptions.m */; };
		784D6EFA1789CC11002BE03A /* AMAppController.m in Sources */ = {isa = PBXBuildFile; fileRef = 784D6EF91789CC11002BE03A /* AMAppController.m */; };
		784D6EFE1789CC97002BE03A /* AMPreferencesWindowController.m in Sources */ = {isa = PBXBuildFile; fileRef = 784D6EFC1789CC97002BE03A /* AMPreferencesWindowController.m */; };
		784D6F01178A1217002BE03A /* AMPreferencesWindow.xib in Resources */ = {isa = PBXBuildFile; fileRef = 784D6F00178A1217002BE03A /* AMPreferencesWindow.xib */; };
		785247C317848A4A00F6A7AD /* AMToolboxViewController.m in Sources */ = {isa = PBXBuildFile; fileRef = 785247C217848A4A00F6A7AD /* AMToolboxViewController.m */; };
		785247C9178552A700F6A7AD /* AMWorksheetView.m in Sources */ = {isa = PBXBuildFile; fileRef = 785247C8178552A700F6A7AD /* AMWorksheetView.m */; };
		785247CC1785532F00F6A7AD /* AMToolboxView.m in Sources */ = {isa = PBXBuildFile; fileRef = 785247CB1785532F00F6A7AD /* AMToolboxView.m */; };
		785247CF1785722700F6A7AD /* AMInsertableView.m in Sources */ = {isa = PBXBuildFile; fileRef = 785247CE1785722700F6A7AD /* AMInsertableView.m */; };
		785247D21786AC9300F6A7AD /* AMExpressionContentView.m in Sources */ = {isa = PBXBuildFile; fileRef = 785247D11786AC9300F6A7AD /* AMExpressionContentView.m */; };
		785D9A21179C5930004D39B5 /* AMExpressionContentViewController.m in Sources */ = {isa = PBXBuildFile; fileRef = 785D9A1F179C5930004D39B5 /* AMExpressionContentViewController.m */; };
		785D9A22179C5930004D39B5 /* AMExpressionContentView.xib in Resources */ = {isa = PBXBuildFile; fileRef = 785D9A20179C5930004D39B5 /* AMExpressionContentView.xib */; };
		785D9A26179D716D004D39B5 /* AMInsertableViewController.m in Sources */ = {isa = PBXBuildFile; fileRef = 785D9A24179D716D004D39B5 /* AMInsertableViewController.m */; };
		785D9A2E179D9BED004D39B5 /* AMContentViewController.m in Sources */ = {isa = PBXBuildFile; fileRef = 785D9A2D179D9BED004D39B5 /* AMContentViewController.m */; };
		785D9A30179DE475004D39B5 /* AMInsertableView.xib in Resources */ = {isa = PBXBuildFile; fileRef = 785D9A2F179DE475004D39B5 /* AMInsertableView.xib */; };
		785D9A33179DFFAF004D39B5 /* AMContentView.m in Sources */ = {isa = PBXBuildFile; fileRef = 785D9A32179DFFAF004D39B5 /* AMContentView.m */; };
		78702B9417C3510E006A4331 /* AMNameView.m in Sources */ = {isa = PBXBuildFile; fileRef = 78702B9317C3510E006A4331 /* AMNameView.m */; };
		787B3043178361BC001851C0 /* Cocoa.framework in Frameworks */ = {isa = PBXBuildFile; fileRef = 787B3042178361BC001851C0 /* Cocoa.framework */; };
		787B304D178361BC001851C0 /* InfoPlist.strings in Resources */ = {isa = PBXBuildFile; fileRef = 787B304B178361BC001851C0 /* InfoPlist.strings */; };
		787B304F178361BC001851C0 /* main.m in Sources */ = {isa = PBXBuildFile; fileRef = 787B304E178361BC001851C0 /* main.m */; };
		787B3053178361BC001851C0 /* Credits.rtf in Resources */ = {isa = PBXBuildFile; fileRef = 787B3051178361BC001851C0 /* Credits.rtf */; };
		787B3056178361BC001851C0 /* AMWorksheetController.m in Sources */ = {isa = PBXBuildFile; fileRef = 787B3055178361BC001851C0 /* AMWorksheetController.m */; };
		787B3059178361BC001851C0 /* AMWorksheet.xib in Resources */ = {isa = PBXBuildFile; fileRef = 787B3057178361BC001851C0 /* AMWorksheet.xib */; };
		787B305C178361BC001851C0 /* MainMenu.xib in Resources */ = {isa = PBXBuildFile; fileRef = 787B305A178361BC001851C0 /* MainMenu.xib */; };
		787B305F178361BC001851C0 /* AMDocument.xcdatamodeld in Sources */ = {isa = PBXBuildFile; fileRef = 787B305D178361BC001851C0 /* AMDocument.xcdatamodeld */; };
		787B3061178361BC001851C0 /* Images.xcassets in Resources */ = {isa = PBXBuildFile; fileRef = 787B3060178361BC001851C0 /* Images.xcassets */; };
		787B3068178361BC001851C0 /* XCTest.framework in Frameworks */ = {isa = PBXBuildFile; fileRef = 787B3067178361BC001851C0 /* XCTest.framework */; };
		787B3069178361BC001851C0 /* Cocoa.framework in Frameworks */ = {isa = PBXBuildFile; fileRef = 787B3042178361BC001851C0 /* Cocoa.framework */; };
		787B3071178361BC001851C0 /* InfoPlist.strings in Resources */ = {isa = PBXBuildFile; fileRef = 787B306F178361BC001851C0 /* InfoPlist.strings */; };
		787B3073178361BC001851C0 /* AmalieTests.m in Sources */ = {isa = PBXBuildFile; fileRef = 787B3072178361BC001851C0 /* AmalieTests.m */; };
		787B308617836485001851C0 /* KSMPrimeTests.m in Sources */ = {isa = PBXBuildFile; fileRef = 787B307F17836485001851C0 /* KSMPrimeTests.m */; };
		787B308717836485001851C0 /* KSMPrimeDecompositionTests.m in Sources */ = {isa = PBXBuildFile; fileRef = 787B308017836485001851C0 /* KSMPrimeDecompositionTests.m */; };
		787B308817836485001851C0 /* NSString_KSMathTests.m in Sources */ = {isa = PBXBuildFile; fileRef = 787B308117836485001851C0 /* NSString_KSMathTests.m */; };
		787B308917836485001851C0 /* KSMExpressionTests.m in Sources */ = {isa = PBXBuildFile; fileRef = 787B308217836485001851C0 /* KSMExpressionTests.m */; };
		787B308A17836485001851C0 /* KSMWorksheetsTests.m in Sources */ = {isa = PBXBuildFile; fileRef = 787B308317836485001851C0 /* KSMWorksheetsTests.m */; };
		787B308C17836485001851C0 /* KSMExpressionEvaluatorTests.m in Sources */ = {isa = PBXBuildFile; fileRef = 787B308517836485001851C0 /* KSMExpressionEvaluatorTests.m */; };
		787B3097178364B8001851C0 /* KSMExpression.m in Sources */ = {isa = PBXBuildFile; fileRef = 787B308E178364B8001851C0 /* KSMExpression.m */; };
		787B3098178364B8001851C0 /* KSMExpression.m in Sources */ = {isa = PBXBuildFile; fileRef = 787B308E178364B8001851C0 /* KSMExpression.m */; };
		787B3099178364B8001851C0 /* NSString+KSMMath.m in Sources */ = {isa = PBXBuildFile; fileRef = 787B3090178364B8001851C0 /* NSString+KSMMath.m */; };
		787B309A178364B8001851C0 /* NSString+KSMMath.m in Sources */ = {isa = PBXBuildFile; fileRef = 787B3090178364B8001851C0 /* NSString+KSMMath.m */; };
		787B309D178364B8001851C0 /* KSMExpressionEvaluator.m in Sources */ = {isa = PBXBuildFile; fileRef = 787B3094178364B8001851C0 /* KSMExpressionEvaluator.m */; };
		787B309E178364B8001851C0 /* KSMExpressionEvaluator.m in Sources */ = {isa = PBXBuildFile; fileRef = 787B3094178364B8001851C0 /* KSMExpressionEvaluator.m */; };
		787B309F178364B8001851C0 /* KSMWorksheet.m in Sources */ = {isa = PBXBuildFile; fileRef = 787B3096178364B8001851C0 /* KSMWorksheet.m */; };
		787B30A0178364B8001851C0 /* KSMWorksheet.m in Sources */ = {isa = PBXBuildFile; fileRef = 787B3096178364B8001851C0 /* KSMWorksheet.m */; };
		788709BF178C3F3F008E093A /* AMPreferencesTrayTableColorwellCellView.m in Sources */ = {isa = PBXBuildFile; fileRef = 788709BE178C3F3F008E093A /* AMPreferencesTrayTableColorwellCellView.m */; };
		788709C5178DAEAB008E093A /* AMPreferences.m in Sources */ = {isa = PBXBuildFile; fileRef = 788709C4178DAEAB008E093A /* AMPreferences.m */; };
		788709C6178DAEAB008E093A /* AMPreferences.m in Sources */ = {isa = PBXBuildFile; fileRef = 788709C4178DAEAB008E093A /* AMPreferences.m */; };
		7899B2D317ACF596008BDB75 /* KSMReferenceCounter.m in Sources */ = {isa = PBXBuildFile; fileRef = 7899B2D217ACF596008BDB75 /* KSMReferenceCounter.m */; };
		7899B2D417ACF596008BDB75 /* KSMReferenceCounter.m in Sources */ = {isa = PBXBuildFile; fileRef = 7899B2D217ACF596008BDB75 /* KSMReferenceCounter.m */; };
		7899B2D817AD0DB9008BDB75 /* AMConstantContentViewController.m in Sources */ = {isa = PBXBuildFile; fileRef = 7899B2D617AD0DB9008BDB75 /* AMConstantContentViewController.m */; };
		7899B2D917AD0DB9008BDB75 /* AMConstantContentView.xib in Resources */ = {isa = PBXBuildFile; fileRef = 7899B2D717AD0DB9008BDB75 /* AMConstantContentView.xib */; };
		7899B2DD17AD0DFC008BDB75 /* AMVariableContentViewController.m in Sources */ = {isa = PBXBuildFile; fileRef = 7899B2DB17AD0DFC008BDB75 /* AMVariableContentViewController.m */; };
		7899B2DE17AD0DFC008BDB75 /* AMVariableContentView.xib in Resources */ = {isa = PBXBuildFile; fileRef = 7899B2DC17AD0DFC008BDB75 /* AMVariableContentView.xib */; };
		7899B2E217AD0E16008BDB75 /* AMEquationContentViewController.m in Sources */ = {isa = PBXBuildFile; fileRef = 7899B2E017AD0E15008BDB75 /* AMEquationContentViewController.m */; };
		7899B2E317AD0E16008BDB75 /* AMEquationContentView.xib in Resources */ = {isa = PBXBuildFile; fileRef = 7899B2E117AD0E15008BDB75 /* AMEquationContentView.xib */; };
		7899B2E717AD0E26008BDB75 /* AMVectorContentViewController.m in Sources */ = {isa = PBXBuildFile; fileRef = 7899B2E517AD0E26008BDB75 /* AMVectorContentViewController.m */; };
		7899B2E817AD0E26008BDB75 /* AMVectorContentView.xib in Resources */ = {isa = PBXBuildFile; fileRef = 7899B2E617AD0E26008BDB75 /* AMVectorContentView.xib */; };
		7899B2EC17AD0E42008BDB75 /* AMMatrixContentViewController.m in Sources */ = {isa = PBXBuildFile; fileRef = 7899B2EA17AD0E42008BDB75 /* AMMatrixContentViewController.m */; };
		7899B2ED17AD0E42008BDB75 /* AMMatrixContentView.xib in Resources */ = {isa = PBXBuildFile; fileRef = 7899B2EB17AD0E42008BDB75 /* AMMatrixContentView.xib */; };
		7899B2F117AD0E58008BDB75 /* AMMathematicalSetContentViewController.m in Sources */ = {isa = PBXBuildFile; fileRef = 7899B2EF17AD0E58008BDB75 /* AMMathematicalSetContentViewController.m */; };
		7899B2F217AD0E58008BDB75 /* AMMathematicalSetContentView.xib in Resources */ = {isa = PBXBuildFile; fileRef = 7899B2F017AD0E58008BDB75 /* AMMathematicalSetContentView.xib */; };
		7899B2F617AD0E6A008BDB75 /* AMGraph2DContentViewController.m in Sources */ = {isa = PBXBuildFile; fileRef = 7899B2F417AD0E6A008BDB75 /* AMGraph2DContentViewController.m */; };
		7899B2F717AD0E6A008BDB75 /* AMGraph2DContentView.xib in Resources */ = {isa = PBXBuildFile; fileRef = 7899B2F517AD0E6A008BDB75 /* AMGraph2DContentView.xib */; };
		7899B2FB17AD3A27008BDB75 /* AMConstantContentView.m in Sources */ = {isa = PBXBuildFile; fileRef = 7899B2FA17AD3A27008BDB75 /* AMConstantContentView.m */; };
		7899B2FE17AD3A64008BDB75 /* AMVariableContentView.m in Sources */ = {isa = PBXBuildFile; fileRef = 7899B2FD17AD3A64008BDB75 /* AMVariableContentView.m */; };
		7899B30117AD3AA2008BDB75 /* AMEquationContentView.m in Sources */ = {isa = PBXBuildFile; fileRef = 7899B30017AD3AA2008BDB75 /* AMEquationContentView.m */; };
		7899B30417AD3ACD008BDB75 /* AMVectorContentView.m in Sources */ = {isa = PBXBuildFile; fileRef = 7899B30317AD3ACD008BDB75 /* AMVectorContentView.m */; };
		7899B30717AD3AEB008BDB75 /* AMMatrixContentView.m in Sources */ = {isa = PBXBuildFile; fileRef = 7899B30617AD3AEB008BDB75 /* AMMatrixContentView.m */; };
		7899B30A17AD3B0B008BDB75 /* AMMathematicalSetContentView.m in Sources */ = {isa = PBXBuildFile; fileRef = 7899B30917AD3B0B008BDB75 /* AMMathematicalSetContentView.m */; };
		7899B30D17AD3B2F008BDB75 /* AMGraph2DContentView.m in Sources */ = {isa = PBXBuildFile; fileRef = 7899B30C17AD3B2F008BDB75 /* AMGraph2DContentView.m */; };
		789CB123178B0BCC00B5AF58 /* AMConstants.m in Sources */ = {isa = PBXBuildFile; fileRef = 789CB122178B0BCC00B5AF58 /* AMConstants.m */; };
		789CB124178B0BCC00B5AF58 /* AMConstants.m in Sources */ = {isa = PBXBuildFile; fileRef = 789CB122178B0BCC00B5AF58 /* AMConstants.m */; };
		78A0472117BBEEF900B5703E /* AMOperatorView.m in Sources */ = {isa = PBXBuildFile; fileRef = 78A0472017BBEEF900B5703E /* AMOperatorView.m */; };
		78AEEB5B179EF38900BFF474 /* AMNameRules.m in Sources */ = {isa = PBXBuildFile; fileRef = 78AEEB5A179EF38900BFF474 /* AMNameRules.m */; };
		78AEEB5C179EF38900BFF474 /* AMNameRules.m in Sources */ = {isa = PBXBuildFile; fileRef = 78AEEB5A179EF38900BFF474 /* AMNameRules.m */; };
		78AEEB5F179EF96C00BFF474 /* AMInsertableRecord.m in Sources */ = {isa = PBXBuildFile; fileRef = 78AEEB5E179EF96C00BFF474 /* AMInsertableRecord.m */; };
		78B205C617D5D6F80059773A /* AMFunctionContentViewController.m in Sources */ = {isa = PBXBuildFile; fileRef = 78B205C517D5D6F80059773A /* AMFunctionContentViewController.m */; };
		78B205C817D5DBC50059773A /* AMFunctionContentView.xib in Resources */ = {isa = PBXBuildFile; fileRef = 78B205C717D5DBC50059773A /* AMFunctionContentView.xib */; };
		78B205CB17D5DC1D0059773A /* AMFunctionContentView.m in Sources */ = {isa = PBXBuildFile; fileRef = 78B205CA17D5DC1D0059773A /* AMFunctionContentView.m */; };
		78BBB2FD17D10490006B8F07 /* KSMUserFunction.m in Sources */ = {isa = PBXBuildFile; fileRef = 78BBB2FC17D10490006B8F07 /* KSMUserFunction.m */; };
		78BBB2FE17D10490006B8F07 /* KSMUserFunction.m in Sources */ = {isa = PBXBuildFile; fileRef = 78BBB2FC17D10490006B8F07 /* KSMUserFunction.m */; };
		78BBB30117D106C8006B8F07 /* KSMStandardFunction1v.m in Sources */ = {isa = PBXBuildFile; fileRef = 78BBB30017D106C8006B8F07 /* KSMStandardFunction1v.m */; };
		78BBB30217D106C8006B8F07 /* KSMStandardFunction1v.m in Sources */ = {isa = PBXBuildFile; fileRef = 78BBB30017D106C8006B8F07 /* KSMStandardFunction1v.m */; };
		78CDC75817AF843A00BDC8D7 /* AMGroupedView.m in Sources */ = {isa = PBXBuildFile; fileRef = 78CDC75717AF843A00BDC8D7 /* AMGroupedView.m */; };
		78CDC75E17AFA30700BDC8D7 /* AMViewHelper.m in Sources */ = {isa = PBXBuildFile; fileRef = 78CDC75D17AFA30700BDC8D7 /* AMViewHelper.m */; };
		78CDC76717B0F1F400BDC8D7 /* AMExpressionNodeView.m in Sources */ = {isa = PBXBuildFile; fileRef = 78CDC76617B0F1F400BDC8D7 /* AMExpressionNodeView.m */; };
		78DE597F17CB6EE5003F0181 /* KSMFunction.m in Sources */ = {isa = PBXBuildFile; fileRef = 78DE597E17CB6EE5003F0181 /* KSMFunction.m */; };
		78DE598017CB6EE5003F0181 /* KSMFunction.m in Sources */ = {isa = PBXBuildFile; fileRef = 78DE597E17CB6EE5003F0181 /* KSMFunction.m */; };
		78DE598317CB6F5F003F0181 /* KSMFunctionArgumentList.m in Sources */ = {isa = PBXBuildFile; fileRef = 78DE598217CB6F5F003F0181 /* KSMFunctionArgumentList.m */; };
		78DE598417CB6F5F003F0181 /* KSMFunctionArgumentList.m in Sources */ = {isa = PBXBuildFile; fileRef = 78DE598217CB6F5F003F0181 /* KSMFunctionArgumentList.m */; };
		78DE82451783664400C7EE10 /* KSMPrimes.m in Sources */ = {isa = PBXBuildFile; fileRef = 78DE823E1783664400C7EE10 /* KSMPrimes.m */; };
		78DE82461783664400C7EE10 /* KSMPrimes.m in Sources */ = {isa = PBXBuildFile; fileRef = 78DE823E1783664400C7EE10 /* KSMPrimes.m */; };
		78DE824B1783664400C7EE10 /* KSMPrimeDecomposition.m in Sources */ = {isa = PBXBuildFile; fileRef = 78DE82441783664400C7EE10 /* KSMPrimeDecomposition.m */; };
		78DE824C1783664400C7EE10 /* KSMPrimeDecomposition.m in Sources */ = {isa = PBXBuildFile; fileRef = 78DE82441783664400C7EE10 /* KSMPrimeDecomposition.m */; };
		78EF56A417CCA2E400402847 /* KSMFunctionArgument.m in Sources */ = {isa = PBXBuildFile; fileRef = 78EF56A317CCA2E400402847 /* KSMFunctionArgument.m */; };
		78EF56A517CCA2E400402847 /* KSMFunctionArgument.m in Sources */ = {isa = PBXBuildFile; fileRef = 78EF56A317CCA2E400402847 /* KSMFunctionArgument.m */; };
		78EF56A817CF39F400402847 /* KSMMathValue.m in Sources */ = {isa = PBXBuildFile; fileRef = 78EF56A717CF39F400402847 /* KSMMathValue.m */; };
		78EF56A917CF39F400402847 /* KSMMathValue.m in Sources */ = {isa = PBXBuildFile; fileRef = 78EF56A717CF39F400402847 /* KSMMathValue.m */; };
		78EF56AC17CF3B0B00402847 /* KSMVector.m in Sources */ = {isa = PBXBuildFile; fileRef = 78EF56AB17CF3B0B00402847 /* KSMVector.m */; };
		78EF56AD17CF3B0B00402847 /* KSMVector.m in Sources */ = {isa = PBXBuildFile; fileRef = 78EF56AB17CF3B0B00402847 /* KSMVector.m */; };
		78EF56B017CF3B2200402847 /* KSMMatrix.m in Sources */ = {isa = PBXBuildFile; fileRef = 78EF56AF17CF3B2200402847 /* KSMMatrix.m */; };
		78EF56B117CF3B2200402847 /* KSMMatrix.m in Sources */ = {isa = PBXBuildFile; fileRef = 78EF56AF17CF3B2200402847 /* KSMMatrix.m */; };
/* End PBXBuildFile section */

/* Begin PBXContainerItemProxy section */
		787B306A178361BC001851C0 /* PBXContainerItemProxy */ = {
			isa = PBXContainerItemProxy;
			containerPortal = 787B3037178361BC001851C0 /* Project object */;
			proxyType = 1;
			remoteGlobalIDString = 787B303E178361BC001851C0;
			remoteInfo = Amalie;
		};
/* End PBXContainerItemProxy section */

/* Begin PBXFileReference section */
		7811D2C417A2550E0024839B /* AMRefTree.h */ = {isa = PBXFileReference; fileEncoding = 4; lastKnownFileType = sourcecode.c.h; path = AMRefTree.h; sourceTree = "<group>"; };
		7811D2C517A2550E0024839B /* AMRefTree.m */ = {isa = PBXFileReference; fileEncoding = 4; lastKnownFileType = sourcecode.c.objc; path = AMRefTree.m; sourceTree = "<group>"; };
		7811D2C917A255380024839B /* AMRefTreeNode.h */ = {isa = PBXFileReference; fileEncoding = 4; lastKnownFileType = sourcecode.c.h; path = AMRefTreeNode.h; sourceTree = "<group>"; };
		7811D2CA17A255380024839B /* AMRefTreeNode.m */ = {isa = PBXFileReference; fileEncoding = 4; lastKnownFileType = sourcecode.c.objc; path = AMRefTreeNode.m; sourceTree = "<group>"; };
		7811D2CD17A257710024839B /* AMReferencedObjectHolder.h */ = {isa = PBXFileReference; fileEncoding = 4; lastKnownFileType = sourcecode.c.h; path = AMReferencedObjectHolder.h; sourceTree = "<group>"; };
		7811D2CE17A257710024839B /* AMReferencedObjectHolder.m */ = {isa = PBXFileReference; fileEncoding = 4; lastKnownFileType = sourcecode.c.objc; path = AMReferencedObjectHolder.m; sourceTree = "<group>"; };
		78327449178F14920051290B /* AMTrayDatasource.h */ = {isa = PBXFileReference; fileEncoding = 4; lastKnownFileType = sourcecode.c.h; path = AMTrayDatasource.h; sourceTree = "<group>"; };
		7832744A178F1D810051290B /* AMTrayItem.h */ = {isa = PBXFileReference; fileEncoding = 4; lastKnownFileType = sourcecode.c.h; path = AMTrayItem.h; sourceTree = "<group>"; };
		7832744B178F1D810051290B /* AMTrayItem.m */ = {isa = PBXFileReference; fileEncoding = 4; lastKnownFileType = sourcecode.c.objc; path = AMTrayItem.m; sourceTree = "<group>"; };
		7847ECCE17B777CB00333A84 /* AMExpressionDisplayOptions.h */ = {isa = PBXFileReference; fileEncoding = 4; lastKnownFileType = sourcecode.c.h; path = AMExpressionDisplayOptions.h; sourceTree = "<group>"; };
		7847ECCF17B777CB00333A84 /* AMExpressionDisplayOptions.m */ = {isa = PBXFileReference; fileEncoding = 4; lastKnownFileType = sourcecode.c.objc; path = AMExpressionDisplayOptions.m; sourceTree = "<group>"; };
		784D6EF81789CC11002BE03A /* AMAppController.h */ = {isa = PBXFileReference; fileEncoding = 4; lastKnownFileType = sourcecode.c.h; path = AMAppController.h; sourceTree = "<group>"; };
		784D6EF91789CC11002BE03A /* AMAppController.m */ = {isa = PBXFileReference; fileEncoding = 4; lastKnownFileType = sourcecode.c.objc; path = AMAppController.m; sourceTree = "<group>"; };
		784D6EFB1789CC97002BE03A /* AMPreferencesWindowController.h */ = {isa = PBXFileReference; fileEncoding = 4; lastKnownFileType = sourcecode.c.h; path = AMPreferencesWindowController.h; sourceTree = "<group>"; };
		784D6EFC1789CC97002BE03A /* AMPreferencesWindowController.m */ = {isa = PBXFileReference; fileEncoding = 4; lastKnownFileType = sourcecode.c.objc; path = AMPreferencesWindowController.m; sourceTree = "<group>"; };
		784D6F00178A1217002BE03A /* AMPreferencesWindow.xib */ = {isa = PBXFileReference; fileEncoding = 4; lastKnownFileType = file.xib; path = AMPreferencesWindow.xib; sourceTree = "<group>"; };
		785247C117848A4A00F6A7AD /* AMToolboxViewController.h */ = {isa = PBXFileReference; fileEncoding = 4; lastKnownFileType = sourcecode.c.h; path = AMToolboxViewController.h; sourceTree = "<group>"; };
		785247C217848A4A00F6A7AD /* AMToolboxViewController.m */ = {isa = PBXFileReference; fileEncoding = 4; lastKnownFileType = sourcecode.c.objc; path = AMToolboxViewController.m; sourceTree = "<group>"; };
		785247C7178552A700F6A7AD /* AMWorksheetView.h */ = {isa = PBXFileReference; fileEncoding = 4; lastKnownFileType = sourcecode.c.h; path = AMWorksheetView.h; sourceTree = "<group>"; };
		785247C8178552A700F6A7AD /* AMWorksheetView.m */ = {isa = PBXFileReference; fileEncoding = 4; lastKnownFileType = sourcecode.c.objc; path = AMWorksheetView.m; sourceTree = "<group>"; };
		785247CA1785532F00F6A7AD /* AMToolboxView.h */ = {isa = PBXFileReference; fileEncoding = 4; lastKnownFileType = sourcecode.c.h; path = AMToolboxView.h; sourceTree = "<group>"; };
		785247CB1785532F00F6A7AD /* AMToolboxView.m */ = {isa = PBXFileReference; fileEncoding = 4; lastKnownFileType = sourcecode.c.objc; path = AMToolboxView.m; sourceTree = "<group>"; };
		785247CD1785722700F6A7AD /* AMInsertableView.h */ = {isa = PBXFileReference; fileEncoding = 4; lastKnownFileType = sourcecode.c.h; path = AMInsertableView.h; sourceTree = "<group>"; };
		785247CE1785722700F6A7AD /* AMInsertableView.m */ = {isa = PBXFileReference; fileEncoding = 4; lastKnownFileType = sourcecode.c.objc; path = AMInsertableView.m; sourceTree = "<group>"; };
		785247D01786AC9300F6A7AD /* AMExpressionContentView.h */ = {isa = PBXFileReference; fileEncoding = 4; lastKnownFileType = sourcecode.c.h; path = AMExpressionContentView.h; sourceTree = "<group>"; };
		785247D11786AC9300F6A7AD /* AMExpressionContentView.m */ = {isa = PBXFileReference; fileEncoding = 4; lastKnownFileType = sourcecode.c.objc; path = AMExpressionContentView.m; sourceTree = "<group>"; };
		785D9A1E179C5930004D39B5 /* AMExpressionContentViewController.h */ = {isa = PBXFileReference; fileEncoding = 4; lastKnownFileType = sourcecode.c.h; path = AMExpressionContentViewController.h; sourceTree = "<group>"; };
		785D9A1F179C5930004D39B5 /* AMExpressionContentViewController.m */ = {isa = PBXFileReference; fileEncoding = 4; lastKnownFileType = sourcecode.c.objc; path = AMExpressionContentViewController.m; sourceTree = "<group>"; };
		785D9A20179C5930004D39B5 /* AMExpressionContentView.xib */ = {isa = PBXFileReference; fileEncoding = 4; lastKnownFileType = file.xib; path = AMExpressionContentView.xib; sourceTree = "<group>"; };
		785D9A23179D716D004D39B5 /* AMInsertableViewController.h */ = {isa = PBXFileReference; fileEncoding = 4; lastKnownFileType = sourcecode.c.h; path = AMInsertableViewController.h; sourceTree = "<group>"; };
		785D9A24179D716D004D39B5 /* AMInsertableViewController.m */ = {isa = PBXFileReference; fileEncoding = 4; lastKnownFileType = sourcecode.c.objc; path = AMInsertableViewController.m; sourceTree = "<group>"; };
		785D9A2B179D90B8004D39B5 /* AMInsertableViewDelegate.h */ = {isa = PBXFileReference; fileEncoding = 4; lastKnownFileType = sourcecode.c.h; path = AMInsertableViewDelegate.h; sourceTree = "<group>"; };
		785D9A2C179D9BED004D39B5 /* AMContentViewController.h */ = {isa = PBXFileReference; fileEncoding = 4; lastKnownFileType = sourcecode.c.h; path = AMContentViewController.h; sourceTree = "<group>"; };
		785D9A2D179D9BED004D39B5 /* AMContentViewController.m */ = {isa = PBXFileReference; fileEncoding = 4; lastKnownFileType = sourcecode.c.objc; path = AMContentViewController.m; sourceTree = "<group>"; };
		785D9A2F179DE475004D39B5 /* AMInsertableView.xib */ = {isa = PBXFileReference; fileEncoding = 4; lastKnownFileType = file.xib; name = AMInsertableView.xib; path = ../AMInsertableView.xib; sourceTree = "<group>"; };
		785D9A31179DFFAF004D39B5 /* AMContentView.h */ = {isa = PBXFileReference; fileEncoding = 4; lastKnownFileType = sourcecode.c.h; path = AMContentView.h; sourceTree = "<group>"; };
		785D9A32179DFFAF004D39B5 /* AMContentView.m */ = {isa = PBXFileReference; fileEncoding = 4; lastKnownFileType = sourcecode.c.objc; path = AMContentView.m; sourceTree = "<group>"; };
		78702B9217C3510E006A4331 /* AMNameView.h */ = {isa = PBXFileReference; fileEncoding = 4; lastKnownFileType = sourcecode.c.h; path = AMNameView.h; sourceTree = "<group>"; };
		78702B9317C3510E006A4331 /* AMNameView.m */ = {isa = PBXFileReference; fileEncoding = 4; lastKnownFileType = sourcecode.c.objc; path = AMNameView.m; sourceTree = "<group>"; };
		787B303F178361BC001851C0 /* Amalie.app */ = {isa = PBXFileReference; explicitFileType = wrapper.application; includeInIndex = 0; path = Amalie.app; sourceTree = BUILT_PRODUCTS_DIR; };
		787B3042178361BC001851C0 /* Cocoa.framework */ = {isa = PBXFileReference; lastKnownFileType = wrapper.framework; name = Cocoa.framework; path = System/Library/Frameworks/Cocoa.framework; sourceTree = SDKROOT; };
		787B3045178361BC001851C0 /* AppKit.framework */ = {isa = PBXFileReference; lastKnownFileType = wrapper.framework; name = AppKit.framework; path = System/Library/Frameworks/AppKit.framework; sourceTree = SDKROOT; };
		787B3046178361BC001851C0 /* CoreData.framework */ = {isa = PBXFileReference; lastKnownFileType = wrapper.framework; name = CoreData.framework; path = System/Library/Frameworks/CoreData.framework; sourceTree = SDKROOT; };
		787B3047178361BC001851C0 /* Foundation.framework */ = {isa = PBXFileReference; lastKnownFileType = wrapper.framework; name = Foundation.framework; path = System/Library/Frameworks/Foundation.framework; sourceTree = SDKROOT; };
		787B304A178361BC001851C0 /* Amalie-Info.plist */ = {isa = PBXFileReference; lastKnownFileType = text.plist.xml; path = "Amalie-Info.plist"; sourceTree = "<group>"; };
		787B304C178361BC001851C0 /* en */ = {isa = PBXFileReference; lastKnownFileType = text.plist.strings; name = en; path = en.lproj/InfoPlist.strings; sourceTree = "<group>"; };
		787B304E178361BC001851C0 /* main.m */ = {isa = PBXFileReference; lastKnownFileType = sourcecode.c.objc; path = main.m; sourceTree = "<group>"; };
		787B3050178361BC001851C0 /* Amalie-Prefix.pch */ = {isa = PBXFileReference; lastKnownFileType = sourcecode.c.h; path = "Amalie-Prefix.pch"; sourceTree = "<group>"; };
		787B3052178361BC001851C0 /* en */ = {isa = PBXFileReference; lastKnownFileType = text.rtf; name = en; path = en.lproj/Credits.rtf; sourceTree = "<group>"; };
		787B3054178361BC001851C0 /* AMWorksheetController.h */ = {isa = PBXFileReference; lastKnownFileType = sourcecode.c.h; path = AMWorksheetController.h; sourceTree = "<group>"; };
		787B3055178361BC001851C0 /* AMWorksheetController.m */ = {isa = PBXFileReference; lastKnownFileType = sourcecode.c.objc; path = AMWorksheetController.m; sourceTree = "<group>"; };
		787B3058178361BC001851C0 /* Base */ = {isa = PBXFileReference; lastKnownFileType = file.xib; name = Base; path = Base.lproj/AMWorksheet.xib; sourceTree = "<group>"; };
		787B305B178361BC001851C0 /* Base */ = {isa = PBXFileReference; lastKnownFileType = file.xib; name = Base; path = Base.lproj/MainMenu.xib; sourceTree = "<group>"; };
		787B305E178361BC001851C0 /* AMDocument.xcdatamodel */ = {isa = PBXFileReference; lastKnownFileType = wrapper.xcdatamodel; path = AMDocument.xcdatamodel; sourceTree = "<group>"; };
		787B3060178361BC001851C0 /* Images.xcassets */ = {isa = PBXFileReference; lastKnownFileType = folder.assetcatalog; name = Images.xcassets; path = Amalie/Images.xcassets; sourceTree = "<group>"; };
		787B3066178361BC001851C0 /* AmalieTests.xctest */ = {isa = PBXFileReference; explicitFileType = wrapper.cfbundle; includeInIndex = 0; path = AmalieTests.xctest; sourceTree = BUILT_PRODUCTS_DIR; };
		787B3067178361BC001851C0 /* XCTest.framework */ = {isa = PBXFileReference; lastKnownFileType = wrapper.framework; name = XCTest.framework; path = Library/Frameworks/XCTest.framework; sourceTree = DEVELOPER_DIR; };
		787B306E178361BC001851C0 /* AmalieTests-Info.plist */ = {isa = PBXFileReference; lastKnownFileType = text.plist.xml; path = "AmalieTests-Info.plist"; sourceTree = "<group>"; };
		787B3070178361BC001851C0 /* en */ = {isa = PBXFileReference; lastKnownFileType = text.plist.strings; name = en; path = en.lproj/InfoPlist.strings; sourceTree = "<group>"; };
		787B3072178361BC001851C0 /* AmalieTests.m */ = {isa = PBXFileReference; lastKnownFileType = sourcecode.c.objc; path = AmalieTests.m; sourceTree = "<group>"; };
		787B307C178362FA001851C0 /* README.md */ = {isa = PBXFileReference; lastKnownFileType = text; name = README.md; path = AmalieTests/README.md; sourceTree = SOURCE_ROOT; };
		787B307E17836485001851C0 /* KSMPrimeTests.h */ = {isa = PBXFileReference; fileEncoding = 4; lastKnownFileType = sourcecode.c.h; path = KSMPrimeTests.h; sourceTree = "<group>"; };
		787B307F17836485001851C0 /* KSMPrimeTests.m */ = {isa = PBXFileReference; fileEncoding = 4; lastKnownFileType = sourcecode.c.objc; path = KSMPrimeTests.m; sourceTree = "<group>"; };
		787B308017836485001851C0 /* KSMPrimeDecompositionTests.m */ = {isa = PBXFileReference; fileEncoding = 4; lastKnownFileType = sourcecode.c.objc; path = KSMPrimeDecompositionTests.m; sourceTree = "<group>"; };
		787B308117836485001851C0 /* NSString_KSMathTests.m */ = {isa = PBXFileReference; fileEncoding = 4; lastKnownFileType = sourcecode.c.objc; path = NSString_KSMathTests.m; sourceTree = "<group>"; };
		787B308217836485001851C0 /* KSMExpressionTests.m */ = {isa = PBXFileReference; fileEncoding = 4; lastKnownFileType = sourcecode.c.objc; path = KSMExpressionTests.m; sourceTree = "<group>"; };
		787B308317836485001851C0 /* KSMWorksheetsTests.m */ = {isa = PBXFileReference; fileEncoding = 4; lastKnownFileType = sourcecode.c.objc; path = KSMWorksheetsTests.m; sourceTree = "<group>"; };
		787B308517836485001851C0 /* KSMExpressionEvaluatorTests.m */ = {isa = PBXFileReference; fileEncoding = 4; lastKnownFileType = sourcecode.c.objc; path = KSMExpressionEvaluatorTests.m; sourceTree = "<group>"; };
		787B308D178364B8001851C0 /* KSMExpression.h */ = {isa = PBXFileReference; fileEncoding = 4; lastKnownFileType = sourcecode.c.h; path = KSMExpression.h; sourceTree = "<group>"; };
		787B308E178364B8001851C0 /* KSMExpression.m */ = {isa = PBXFileReference; fileEncoding = 4; lastKnownFileType = sourcecode.c.objc; path = KSMExpression.m; sourceTree = "<group>"; };
		787B308F178364B8001851C0 /* NSString+KSMMath.h */ = {isa = PBXFileReference; fileEncoding = 4; lastKnownFileType = sourcecode.c.h; path = "NSString+KSMMath.h"; sourceTree = "<group>"; };
		787B3090178364B8001851C0 /* NSString+KSMMath.m */ = {isa = PBXFileReference; fileEncoding = 4; lastKnownFileType = sourcecode.c.objc; path = "NSString+KSMMath.m"; sourceTree = "<group>"; };
		787B3093178364B8001851C0 /* KSMExpressionEvaluator.h */ = {isa = PBXFileReference; fileEncoding = 4; lastKnownFileType = sourcecode.c.h; path = KSMExpressionEvaluator.h; sourceTree = "<group>"; };
		787B3094178364B8001851C0 /* KSMExpressionEvaluator.m */ = {isa = PBXFileReference; fileEncoding = 4; lastKnownFileType = sourcecode.c.objc; path = KSMExpressionEvaluator.m; sourceTree = "<group>"; };
		787B3095178364B8001851C0 /* KSMWorksheet.h */ = {isa = PBXFileReference; fileEncoding = 4; lastKnownFileType = sourcecode.c.h; path = KSMWorksheet.h; sourceTree = "<group>"; };
		787B3096178364B8001851C0 /* KSMWorksheet.m */ = {isa = PBXFileReference; fileEncoding = 4; lastKnownFileType = sourcecode.c.objc; path = KSMWorksheet.m; sourceTree = "<group>"; };
		788709BD178C3F3F008E093A /* AMPreferencesTrayTableColorwellCellView.h */ = {isa = PBXFileReference; fileEncoding = 4; lastKnownFileType = sourcecode.c.h; path = AMPreferencesTrayTableColorwellCellView.h; sourceTree = "<group>"; };
		788709BE178C3F3F008E093A /* AMPreferencesTrayTableColorwellCellView.m */ = {isa = PBXFileReference; fileEncoding = 4; lastKnownFileType = sourcecode.c.objc; path = AMPreferencesTrayTableColorwellCellView.m; sourceTree = "<group>"; };
		788709C3178DAEAB008E093A /* AMPreferences.h */ = {isa = PBXFileReference; fileEncoding = 4; lastKnownFileType = sourcecode.c.h; path = AMPreferences.h; sourceTree = "<group>"; };
		788709C4178DAEAB008E093A /* AMPreferences.m */ = {isa = PBXFileReference; fileEncoding = 4; lastKnownFileType = sourcecode.c.objc; path = AMPreferences.m; sourceTree = "<group>"; };
		788F637717BF586B00EC68CC /* AMQuotientBaselining.h */ = {isa = PBXFileReference; fileEncoding = 4; lastKnownFileType = sourcecode.c.h; name = AMQuotientBaselining.h; path = Amalie/AMQuotientBaselining.h; sourceTree = "<group>"; };
		7899B2D117ACF596008BDB75 /* KSMReferenceCounter.h */ = {isa = PBXFileReference; fileEncoding = 4; lastKnownFileType = sourcecode.c.h; path = KSMReferenceCounter.h; sourceTree = "<group>"; };
		7899B2D217ACF596008BDB75 /* KSMReferenceCounter.m */ = {isa = PBXFileReference; fileEncoding = 4; lastKnownFileType = sourcecode.c.objc; path = KSMReferenceCounter.m; sourceTree = "<group>"; };
		7899B2D517AD0DB9008BDB75 /* AMConstantContentViewController.h */ = {isa = PBXFileReference; fileEncoding = 4; lastKnownFileType = sourcecode.c.h; path = AMConstantContentViewController.h; sourceTree = "<group>"; };
		7899B2D617AD0DB9008BDB75 /* AMConstantContentViewController.m */ = {isa = PBXFileReference; fileEncoding = 4; lastKnownFileType = sourcecode.c.objc; path = AMConstantContentViewController.m; sourceTree = "<group>"; };
		7899B2D717AD0DB9008BDB75 /* AMConstantContentView.xib */ = {isa = PBXFileReference; fileEncoding = 4; lastKnownFileType = file.xib; path = AMConstantContentView.xib; sourceTree = "<group>"; };
		7899B2DA17AD0DFC008BDB75 /* AMVariableContentViewController.h */ = {isa = PBXFileReference; fileEncoding = 4; lastKnownFileType = sourcecode.c.h; path = AMVariableContentViewController.h; sourceTree = "<group>"; };
		7899B2DB17AD0DFC008BDB75 /* AMVariableContentViewController.m */ = {isa = PBXFileReference; fileEncoding = 4; lastKnownFileType = sourcecode.c.objc; path = AMVariableContentViewController.m; sourceTree = "<group>"; };
		7899B2DC17AD0DFC008BDB75 /* AMVariableContentView.xib */ = {isa = PBXFileReference; fileEncoding = 4; lastKnownFileType = file.xib; path = AMVariableContentView.xib; sourceTree = "<group>"; };
		7899B2DF17AD0E15008BDB75 /* AMEquationContentViewController.h */ = {isa = PBXFileReference; fileEncoding = 4; lastKnownFileType = sourcecode.c.h; path = AMEquationContentViewController.h; sourceTree = "<group>"; };
		7899B2E017AD0E15008BDB75 /* AMEquationContentViewController.m */ = {isa = PBXFileReference; fileEncoding = 4; lastKnownFileType = sourcecode.c.objc; path = AMEquationContentViewController.m; sourceTree = "<group>"; };
		7899B2E117AD0E15008BDB75 /* AMEquationContentView.xib */ = {isa = PBXFileReference; fileEncoding = 4; lastKnownFileType = file.xib; path = AMEquationContentView.xib; sourceTree = "<group>"; };
		7899B2E417AD0E26008BDB75 /* AMVectorContentViewController.h */ = {isa = PBXFileReference; fileEncoding = 4; lastKnownFileType = sourcecode.c.h; path = AMVectorContentViewController.h; sourceTree = "<group>"; };
		7899B2E517AD0E26008BDB75 /* AMVectorContentViewController.m */ = {isa = PBXFileReference; fileEncoding = 4; lastKnownFileType = sourcecode.c.objc; path = AMVectorContentViewController.m; sourceTree = "<group>"; };
		7899B2E617AD0E26008BDB75 /* AMVectorContentView.xib */ = {isa = PBXFileReference; fileEncoding = 4; lastKnownFileType = file.xib; path = AMVectorContentView.xib; sourceTree = "<group>"; };
		7899B2E917AD0E42008BDB75 /* AMMatrixContentViewController.h */ = {isa = PBXFileReference; fileEncoding = 4; lastKnownFileType = sourcecode.c.h; path = AMMatrixContentViewController.h; sourceTree = "<group>"; };
		7899B2EA17AD0E42008BDB75 /* AMMatrixContentViewController.m */ = {isa = PBXFileReference; fileEncoding = 4; lastKnownFileType = sourcecode.c.objc; path = AMMatrixContentViewController.m; sourceTree = "<group>"; };
		7899B2EB17AD0E42008BDB75 /* AMMatrixContentView.xib */ = {isa = PBXFileReference; fileEncoding = 4; lastKnownFileType = file.xib; path = AMMatrixContentView.xib; sourceTree = "<group>"; };
		7899B2EE17AD0E58008BDB75 /* AMMathematicalSetContentViewController.h */ = {isa = PBXFileReference; fileEncoding = 4; lastKnownFileType = sourcecode.c.h; path = AMMathematicalSetContentViewController.h; sourceTree = "<group>"; };
		7899B2EF17AD0E58008BDB75 /* AMMathematicalSetContentViewController.m */ = {isa = PBXFileReference; fileEncoding = 4; lastKnownFileType = sourcecode.c.objc; path = AMMathematicalSetContentViewController.m; sourceTree = "<group>"; };
		7899B2F017AD0E58008BDB75 /* AMMathematicalSetContentView.xib */ = {isa = PBXFileReference; fileEncoding = 4; lastKnownFileType = file.xib; path = AMMathematicalSetContentView.xib; sourceTree = "<group>"; };
		7899B2F317AD0E6A008BDB75 /* AMGraph2DContentViewController.h */ = {isa = PBXFileReference; fileEncoding = 4; lastKnownFileType = sourcecode.c.h; path = AMGraph2DContentViewController.h; sourceTree = "<group>"; };
		7899B2F417AD0E6A008BDB75 /* AMGraph2DContentViewController.m */ = {isa = PBXFileReference; fileEncoding = 4; lastKnownFileType = sourcecode.c.objc; path = AMGraph2DContentViewController.m; sourceTree = "<group>"; };
		7899B2F517AD0E6A008BDB75 /* AMGraph2DContentView.xib */ = {isa = PBXFileReference; fileEncoding = 4; lastKnownFileType = file.xib; path = AMGraph2DContentView.xib; sourceTree = "<group>"; };
		7899B2F917AD3A27008BDB75 /* AMConstantContentView.h */ = {isa = PBXFileReference; fileEncoding = 4; lastKnownFileType = sourcecode.c.h; path = AMConstantContentView.h; sourceTree = "<group>"; };
		7899B2FA17AD3A27008BDB75 /* AMConstantContentView.m */ = {isa = PBXFileReference; fileEncoding = 4; lastKnownFileType = sourcecode.c.objc; path = AMConstantContentView.m; sourceTree = "<group>"; };
		7899B2FC17AD3A64008BDB75 /* AMVariableContentView.h */ = {isa = PBXFileReference; fileEncoding = 4; lastKnownFileType = sourcecode.c.h; path = AMVariableContentView.h; sourceTree = "<group>"; };
		7899B2FD17AD3A64008BDB75 /* AMVariableContentView.m */ = {isa = PBXFileReference; fileEncoding = 4; lastKnownFileType = sourcecode.c.objc; path = AMVariableContentView.m; sourceTree = "<group>"; };
		7899B2FF17AD3AA2008BDB75 /* AMEquationContentView.h */ = {isa = PBXFileReference; fileEncoding = 4; lastKnownFileType = sourcecode.c.h; path = AMEquationContentView.h; sourceTree = "<group>"; };
		7899B30017AD3AA2008BDB75 /* AMEquationContentView.m */ = {isa = PBXFileReference; fileEncoding = 4; lastKnownFileType = sourcecode.c.objc; path = AMEquationContentView.m; sourceTree = "<group>"; };
		7899B30217AD3ACD008BDB75 /* AMVectorContentView.h */ = {isa = PBXFileReference; fileEncoding = 4; lastKnownFileType = sourcecode.c.h; path = AMVectorContentView.h; sourceTree = "<group>"; };
		7899B30317AD3ACD008BDB75 /* AMVectorContentView.m */ = {isa = PBXFileReference; fileEncoding = 4; lastKnownFileType = sourcecode.c.objc; path = AMVectorContentView.m; sourceTree = "<group>"; };
		7899B30517AD3AEB008BDB75 /* AMMatrixContentView.h */ = {isa = PBXFileReference; fileEncoding = 4; lastKnownFileType = sourcecode.c.h; path = AMMatrixContentView.h; sourceTree = "<group>"; };
		7899B30617AD3AEB008BDB75 /* AMMatrixContentView.m */ = {isa = PBXFileReference; fileEncoding = 4; lastKnownFileType = sourcecode.c.objc; path = AMMatrixContentView.m; sourceTree = "<group>"; };
		7899B30817AD3B0B008BDB75 /* AMMathematicalSetContentView.h */ = {isa = PBXFileReference; fileEncoding = 4; lastKnownFileType = sourcecode.c.h; path = AMMathematicalSetContentView.h; sourceTree = "<group>"; };
		7899B30917AD3B0B008BDB75 /* AMMathematicalSetContentView.m */ = {isa = PBXFileReference; fileEncoding = 4; lastKnownFileType = sourcecode.c.objc; path = AMMathematicalSetContentView.m; sourceTree = "<group>"; };
		7899B30B17AD3B2F008BDB75 /* AMGraph2DContentView.h */ = {isa = PBXFileReference; fileEncoding = 4; lastKnownFileType = sourcecode.c.h; path = AMGraph2DContentView.h; sourceTree = "<group>"; };
		7899B30C17AD3B2F008BDB75 /* AMGraph2DContentView.m */ = {isa = PBXFileReference; fileEncoding = 4; lastKnownFileType = sourcecode.c.objc; path = AMGraph2DContentView.m; sourceTree = "<group>"; };
		789B85C717952E44005FD5C7 /* AMWorksheetViewDelegate.h */ = {isa = PBXFileReference; fileEncoding = 4; lastKnownFileType = sourcecode.c.h; path = AMWorksheetViewDelegate.h; sourceTree = "<group>"; };
		789CB121178B0BCB00B5AF58 /* AMConstants.h */ = {isa = PBXFileReference; fileEncoding = 4; lastKnownFileType = sourcecode.c.h; path = AMConstants.h; sourceTree = "<group>"; };
		789CB122178B0BCC00B5AF58 /* AMConstants.m */ = {isa = PBXFileReference; fileEncoding = 4; lastKnownFileType = sourcecode.c.objc; path = AMConstants.m; sourceTree = "<group>"; };
		78A0471F17BBEEF900B5703E /* AMOperatorView.h */ = {isa = PBXFileReference; fileEncoding = 4; lastKnownFileType = sourcecode.c.h; path = AMOperatorView.h; sourceTree = "<group>"; };
		78A0472017BBEEF900B5703E /* AMOperatorView.m */ = {isa = PBXFileReference; fileEncoding = 4; lastKnownFileType = sourcecode.c.objc; path = AMOperatorView.m; sourceTree = "<group>"; };
		78AEEB59179EF38900BFF474 /* AMNameRules.h */ = {isa = PBXFileReference; fileEncoding = 4; lastKnownFileType = sourcecode.c.h; path = AMNameRules.h; sourceTree = "<group>"; };
		78AEEB5A179EF38900BFF474 /* AMNameRules.m */ = {isa = PBXFileReference; fileEncoding = 4; lastKnownFileType = sourcecode.c.objc; path = AMNameRules.m; sourceTree = "<group>"; };
		78AEEB5D179EF96C00BFF474 /* AMInsertableRecord.h */ = {isa = PBXFileReference; fileEncoding = 4; lastKnownFileType = sourcecode.c.h; path = AMInsertableRecord.h; sourceTree = "<group>"; };
		78AEEB5E179EF96C00BFF474 /* AMInsertableRecord.m */ = {isa = PBXFileReference; fileEncoding = 4; lastKnownFileType = sourcecode.c.objc; path = AMInsertableRecord.m; sourceTree = "<group>"; };
		78B205C317D47B470059773A /* KSMReferenceCountedObject.h */ = {isa = PBXFileReference; fileEncoding = 4; lastKnownFileType = sourcecode.c.h; path = KSMReferenceCountedObject.h; sourceTree = "<group>"; };
		78B205C417D5D6F80059773A /* AMFunctionContentViewController.h */ = {isa = PBXFileReference; fileEncoding = 4; lastKnownFileType = sourcecode.c.h; path = AMFunctionContentViewController.h; sourceTree = "<group>"; };
		78B205C517D5D6F80059773A /* AMFunctionContentViewController.m */ = {isa = PBXFileReference; fileEncoding = 4; lastKnownFileType = sourcecode.c.objc; path = AMFunctionContentViewController.m; sourceTree = "<group>"; };
		78B205C717D5DBC50059773A /* AMFunctionContentView.xib */ = {isa = PBXFileReference; fileEncoding = 4; lastKnownFileType = file.xib; path = AMFunctionContentView.xib; sourceTree = "<group>"; };
		78B205C917D5DC1D0059773A /* AMFunctionContentView.h */ = {isa = PBXFileReference; fileEncoding = 4; lastKnownFileType = sourcecode.c.h; path = AMFunctionContentView.h; sourceTree = "<group>"; };
		78B205CA17D5DC1D0059773A /* AMFunctionContentView.m */ = {isa = PBXFileReference; fileEncoding = 4; lastKnownFileType = sourcecode.c.objc; path = AMFunctionContentView.m; sourceTree = "<group>"; };
		78B835AF179ED1A50032B459 /* AMInsertableViewDataSource.h */ = {isa = PBXFileReference; fileEncoding = 4; lastKnownFileType = sourcecode.c.h; path = AMInsertableViewDataSource.h; sourceTree = "<group>"; };
		78BBB2FB17D10490006B8F07 /* KSMUserFunction.h */ = {isa = PBXFileReference; fileEncoding = 4; lastKnownFileType = sourcecode.c.h; path = KSMUserFunction.h; sourceTree = "<group>"; };
		78BBB2FC17D10490006B8F07 /* KSMUserFunction.m */ = {isa = PBXFileReference; fileEncoding = 4; lastKnownFileType = sourcecode.c.objc; path = KSMUserFunction.m; sourceTree = "<group>"; };
		78BBB2FF17D106C7006B8F07 /* KSMStandardFunction1v.h */ = {isa = PBXFileReference; fileEncoding = 4; lastKnownFileType = sourcecode.c.h; path = KSMStandardFunction1v.h; sourceTree = "<group>"; };
		78BBB30017D106C8006B8F07 /* KSMStandardFunction1v.m */ = {isa = PBXFileReference; fileEncoding = 4; lastKnownFileType = sourcecode.c.objc; path = KSMStandardFunction1v.m; sourceTree = "<group>"; };
		78CDC75617AF843A00BDC8D7 /* AMGroupedView.h */ = {isa = PBXFileReference; fileEncoding = 4; lastKnownFileType = sourcecode.c.h; path = AMGroupedView.h; sourceTree = "<group>"; };
		78CDC75717AF843A00BDC8D7 /* AMGroupedView.m */ = {isa = PBXFileReference; fileEncoding = 4; lastKnownFileType = sourcecode.c.objc; path = AMGroupedView.m; sourceTree = "<group>"; };
		78CDC75C17AFA30700BDC8D7 /* AMViewHelper.h */ = {isa = PBXFileReference; fileEncoding = 4; lastKnownFileType = sourcecode.c.h; path = AMViewHelper.h; sourceTree = "<group>"; };
		78CDC75D17AFA30700BDC8D7 /* AMViewHelper.m */ = {isa = PBXFileReference; fileEncoding = 4; lastKnownFileType = sourcecode.c.objc; path = AMViewHelper.m; sourceTree = "<group>"; };
		78CDC76017AFFE6000BDC8D7 /* AMContentViewDataSource.h */ = {isa = PBXFileReference; fileEncoding = 4; lastKnownFileType = sourcecode.c.h; path = AMContentViewDataSource.h; sourceTree = "<group>"; };
		78CDC76517B0F1F400BDC8D7 /* AMExpressionNodeView.h */ = {isa = PBXFileReference; fileEncoding = 4; lastKnownFileType = sourcecode.c.h; path = AMExpressionNodeView.h; sourceTree = "<group>"; };
		78CDC76617B0F1F400BDC8D7 /* AMExpressionNodeView.m */ = {isa = PBXFileReference; fileEncoding = 4; lastKnownFileType = sourcecode.c.objc; path = AMExpressionNodeView.m; sourceTree = "<group>"; };
		78DE597D17CB6EE5003F0181 /* KSMFunction.h */ = {isa = PBXFileReference; fileEncoding = 4; lastKnownFileType = sourcecode.c.h; path = KSMFunction.h; sourceTree = "<group>"; };
		78DE597E17CB6EE5003F0181 /* KSMFunction.m */ = {isa = PBXFileReference; fileEncoding = 4; lastKnownFileType = sourcecode.c.objc; path = KSMFunction.m; sourceTree = "<group>"; };
		78DE598117CB6F5F003F0181 /* KSMFunctionArgumentList.h */ = {isa = PBXFileReference; fileEncoding = 4; lastKnownFileType = sourcecode.c.h; path = KSMFunctionArgumentList.h; sourceTree = "<group>"; };
		78DE598217CB6F5F003F0181 /* KSMFunctionArgumentList.m */ = {isa = PBXFileReference; fileEncoding = 4; lastKnownFileType = sourcecode.c.objc; path = KSMFunctionArgumentList.m; sourceTree = "<group>"; };
		78DE823D1783664400C7EE10 /* KSMPrimes.h */ = {isa = PBXFileReference; fileEncoding = 4; lastKnownFileType = sourcecode.c.h; path = KSMPrimes.h; sourceTree = "<group>"; };
		78DE823E1783664400C7EE10 /* KSMPrimes.m */ = {isa = PBXFileReference; fileEncoding = 4; lastKnownFileType = sourcecode.c.objc; path = KSMPrimes.m; sourceTree = "<group>"; };
		78DE82431783664400C7EE10 /* KSMPrimeDecomposition.h */ = {isa = PBXFileReference; fileEncoding = 4; lastKnownFileType = sourcecode.c.h; path = KSMPrimeDecomposition.h; sourceTree = "<group>"; };
		78DE82441783664400C7EE10 /* KSMPrimeDecomposition.m */ = {isa = PBXFileReference; fileEncoding = 4; lastKnownFileType = sourcecode.c.objc; path = KSMPrimeDecomposition.m; sourceTree = "<group>"; };
		78EF56A217CCA2E400402847 /* KSMFunctionArgument.h */ = {isa = PBXFileReference; fileEncoding = 4; lastKnownFileType = sourcecode.c.h; path = KSMFunctionArgument.h; sourceTree = "<group>"; };
		78EF56A317CCA2E400402847 /* KSMFunctionArgument.m */ = {isa = PBXFileReference; fileEncoding = 4; lastKnownFileType = sourcecode.c.objc; path = KSMFunctionArgument.m; sourceTree = "<group>"; };
		78EF56A617CF39F400402847 /* KSMMathValue.h */ = {isa = PBXFileReference; fileEncoding = 4; lastKnownFileType = sourcecode.c.h; path = KSMMathValue.h; sourceTree = "<group>"; };
		78EF56A717CF39F400402847 /* KSMMathValue.m */ = {isa = PBXFileReference; fileEncoding = 4; lastKnownFileType = sourcecode.c.objc; path = KSMMathValue.m; sourceTree = "<group>"; };
		78EF56AA17CF3B0B00402847 /* KSMVector.h */ = {isa = PBXFileReference; fileEncoding = 4; lastKnownFileType = sourcecode.c.h; path = KSMVector.h; sourceTree = "<group>"; };
		78EF56AB17CF3B0B00402847 /* KSMVector.m */ = {isa = PBXFileReference; fileEncoding = 4; lastKnownFileType = sourcecode.c.objc; path = KSMVector.m; sourceTree = "<group>"; };
		78EF56AE17CF3B2200402847 /* KSMMatrix.h */ = {isa = PBXFileReference; fileEncoding = 4; lastKnownFileType = sourcecode.c.h; path = KSMMatrix.h; sourceTree = "<group>"; };
		78EF56AF17CF3B2200402847 /* KSMMatrix.m */ = {isa = PBXFileReference; fileEncoding = 4; lastKnownFileType = sourcecode.c.objc; path = KSMMatrix.m; sourceTree = "<group>"; };
/* End PBXFileReference section */

/* Begin PBXFrameworksBuildPhase section */
		787B303C178361BC001851C0 /* Frameworks */ = {
			isa = PBXFrameworksBuildPhase;
			buildActionMask = 2147483647;
			files = (
				787B3043178361BC001851C0 /* Cocoa.framework in Frameworks */,
			);
			runOnlyForDeploymentPostprocessing = 0;
		};
		787B3063178361BC001851C0 /* Frameworks */ = {
			isa = PBXFrameworksBuildPhase;
			buildActionMask = 2147483647;
			files = (
				787B3069178361BC001851C0 /* Cocoa.framework in Frameworks */,
				787B3068178361BC001851C0 /* XCTest.framework in Frameworks */,
			);
			runOnlyForDeploymentPostprocessing = 0;
		};
/* End PBXFrameworksBuildPhase section */

/* Begin PBXGroup section */
		7811D2C817A255150024839B /* AM ReferenceCounted Tree */ = {
			isa = PBXGroup;
			children = (
				7811D2C417A2550E0024839B /* AMRefTree.h */,
				7811D2C517A2550E0024839B /* AMRefTree.m */,
				7811D2C917A255380024839B /* AMRefTreeNode.h */,
				7811D2CA17A255380024839B /* AMRefTreeNode.m */,
				7811D2CD17A257710024839B /* AMReferencedObjectHolder.h */,
				7811D2CE17A257710024839B /* AMReferencedObjectHolder.m */,
			);
			name = "AM ReferenceCounted Tree";
			sourceTree = "<group>";
		};
		785247BD1784067900F6A7AD /* Models */ = {
			isa = PBXGroup;
			children = (
				787B305D178361BC001851C0 /* AMDocument.xcdatamodeld */,
				788709C3178DAEAB008E093A /* AMPreferences.h */,
				788709C4178DAEAB008E093A /* AMPreferences.m */,
				7832744A178F1D810051290B /* AMTrayItem.h */,
				7832744B178F1D810051290B /* AMTrayItem.m */,
				78AEEB5D179EF96C00BFF474 /* AMInsertableRecord.h */,
				78AEEB5E179EF96C00BFF474 /* AMInsertableRecord.m */,
				78AEEB59179EF38900BFF474 /* AMNameRules.h */,
				78AEEB5A179EF38900BFF474 /* AMNameRules.m */,
				7811D2C817A255150024839B /* AM ReferenceCounted Tree */,
				78DE823C178365DC00C7EE10 /* KSMPrime */,
				787B307D1783638D001851C0 /* KSMMath */,
			);
			name = Models;
			sourceTree = "<group>";
		};
		785247BE178406A600F6A7AD /* Views and NIBs */ = {
			isa = PBXGroup;
			children = (
				785247C0178406D200F6A7AD /* Nibs */,
				788709C1178D35F5008E093A /* Workheet views */,
				788709C2178D36D7008E093A /* Toolbox views */,
				788709C0178D35CD008E093A /* Preferences Pane views */,
			);
			name = "Views and NIBs";
			sourceTree = "<group>";
		};
		785247BF178406B000F6A7AD /* Controllers */ = {
			isa = PBXGroup;
			children = (
				784D6EF81789CC11002BE03A /* AMAppController.h */,
				784D6EF91789CC11002BE03A /* AMAppController.m */,
				787B3054178361BC001851C0 /* AMWorksheetController.h */,
				787B3055178361BC001851C0 /* AMWorksheetController.m */,
				785247C117848A4A00F6A7AD /* AMToolboxViewController.h */,
				785247C217848A4A00F6A7AD /* AMToolboxViewController.m */,
				784D6EFB1789CC97002BE03A /* AMPreferencesWindowController.h */,
				784D6EFC1789CC97002BE03A /* AMPreferencesWindowController.m */,
				785D9A1D179BDD19004D39B5 /* Controllers for insertable views */,
			);
			name = Controllers;
			sourceTree = "<group>";
		};
		785247C0178406D200F6A7AD /* Nibs */ = {
			isa = PBXGroup;
			children = (
				787B305A178361BC001851C0 /* MainMenu.xib */,
				787B3057178361BC001851C0 /* AMWorksheet.xib */,
				785D9A2A179D79E9004D39B5 /* Content views */,
				785D9A28179D78D0004D39B5 /* Subsiduary Window Nibs */,
			);
			name = Nibs;
			sourceTree = "<group>";
		};
		785D9A1D179BDD19004D39B5 /* Controllers for insertable views */ = {
			isa = PBXGroup;
			children = (
				785D9A23179D716D004D39B5 /* AMInsertableViewController.h */,
				785D9A24179D716D004D39B5 /* AMInsertableViewController.m */,
				785D9A29179D79B8004D39B5 /* Controllers for Content Views */,
			);
			name = "Controllers for insertable views";
			sourceTree = "<group>";
		};
		785D9A28179D78D0004D39B5 /* Subsiduary Window Nibs */ = {
			isa = PBXGroup;
			children = (
				784D6F00178A1217002BE03A /* AMPreferencesWindow.xib */,
			);
			name = "Subsiduary Window Nibs";
			sourceTree = "<group>";
		};
		785D9A29179D79B8004D39B5 /* Controllers for Content Views */ = {
			isa = PBXGroup;
			children = (
				785D9A2C179D9BED004D39B5 /* AMContentViewController.h */,
				785D9A2D179D9BED004D39B5 /* AMContentViewController.m */,
				7899B2D517AD0DB9008BDB75 /* AMConstantContentViewController.h */,
				7899B2D617AD0DB9008BDB75 /* AMConstantContentViewController.m */,
				7899B2DA17AD0DFC008BDB75 /* AMVariableContentViewController.h */,
				7899B2DB17AD0DFC008BDB75 /* AMVariableContentViewController.m */,
				785D9A1E179C5930004D39B5 /* AMExpressionContentViewController.h */,
				785D9A1F179C5930004D39B5 /* AMExpressionContentViewController.m */,
				78B205C417D5D6F80059773A /* AMFunctionContentViewController.h */,
				78B205C517D5D6F80059773A /* AMFunctionContentViewController.m */,
				7899B2DF17AD0E15008BDB75 /* AMEquationContentViewController.h */,
				7899B2E017AD0E15008BDB75 /* AMEquationContentViewController.m */,
				7899B2E417AD0E26008BDB75 /* AMVectorContentViewController.h */,
				7899B2E517AD0E26008BDB75 /* AMVectorContentViewController.m */,
				7899B2E917AD0E42008BDB75 /* AMMatrixContentViewController.h */,
				7899B2EA17AD0E42008BDB75 /* AMMatrixContentViewController.m */,
				7899B2EE17AD0E58008BDB75 /* AMMathematicalSetContentViewController.h */,
				7899B2EF17AD0E58008BDB75 /* AMMathematicalSetContentViewController.m */,
				7899B2F317AD0E6A008BDB75 /* AMGraph2DContentViewController.h */,
				7899B2F417AD0E6A008BDB75 /* AMGraph2DContentViewController.m */,
			);
			name = "Controllers for Content Views";
			sourceTree = "<group>";
		};
		785D9A2A179D79E9004D39B5 /* Content views */ = {
			isa = PBXGroup;
			children = (
			);
			name = "Content views";
			sourceTree = "<group>";
		};
		787B3036178361BC001851C0 = {
			isa = PBXGroup;
			children = (
				789CB121178B0BCB00B5AF58 /* AMConstants.h */,
				789CB122178B0BCC00B5AF58 /* AMConstants.m */,
				78CDC75C17AFA30700BDC8D7 /* AMViewHelper.h */,
				78CDC75D17AFA30700BDC8D7 /* AMViewHelper.m */,
				78CDC75F17AFA66000BDC8D7 /* Protocols */,
				787B3060178361BC001851C0 /* Images.xcassets */,
				787B3048178361BC001851C0 /* Amalie */,
				787B306C178361BC001851C0 /* AmalieTests */,
				787B3041178361BC001851C0 /* Frameworks */,
				787B3040178361BC001851C0 /* Products */,
			);
			sourceTree = "<group>";
		};
		787B3040178361BC001851C0 /* Products */ = {
			isa = PBXGroup;
			children = (
				787B303F178361BC001851C0 /* Amalie.app */,
				787B3066178361BC001851C0 /* AmalieTests.xctest */,
			);
			name = Products;
			sourceTree = "<group>";
		};
		787B3041178361BC001851C0 /* Frameworks */ = {
			isa = PBXGroup;
			children = (
				787B3042178361BC001851C0 /* Cocoa.framework */,
				787B3067178361BC001851C0 /* XCTest.framework */,
				787B3044178361BC001851C0 /* Other Frameworks */,
			);
			name = Frameworks;
			sourceTree = "<group>";
		};
		787B3044178361BC001851C0 /* Other Frameworks */ = {
			isa = PBXGroup;
			children = (
				787B3045178361BC001851C0 /* AppKit.framework */,
				787B3046178361BC001851C0 /* CoreData.framework */,
				787B3047178361BC001851C0 /* Foundation.framework */,
			);
			name = "Other Frameworks";
			sourceTree = "<group>";
		};
		787B3048178361BC001851C0 /* Amalie */ = {
			isa = PBXGroup;
			children = (
				785247BF178406B000F6A7AD /* Controllers */,
				785247BE178406A600F6A7AD /* Views and NIBs */,
				785247BD1784067900F6A7AD /* Models */,
				787B3049178361BC001851C0 /* Supporting Files */,
			);
			path = Amalie;
			sourceTree = "<group>";
		};
		787B3049178361BC001851C0 /* Supporting Files */ = {
			isa = PBXGroup;
			children = (
				787B307C178362FA001851C0 /* README.md */,
				787B304A178361BC001851C0 /* Amalie-Info.plist */,
				787B304B178361BC001851C0 /* InfoPlist.strings */,
				787B304E178361BC001851C0 /* main.m */,
				787B3050178361BC001851C0 /* Amalie-Prefix.pch */,
				787B3051178361BC001851C0 /* Credits.rtf */,
			);
			name = "Supporting Files";
			sourceTree = "<group>";
		};
		787B306C178361BC001851C0 /* AmalieTests */ = {
			isa = PBXGroup;
			children = (
				787B307E17836485001851C0 /* KSMPrimeTests.h */,
				787B307F17836485001851C0 /* KSMPrimeTests.m */,
				787B308017836485001851C0 /* KSMPrimeDecompositionTests.m */,
				787B308117836485001851C0 /* NSString_KSMathTests.m */,
				787B308217836485001851C0 /* KSMExpressionTests.m */,
				787B308317836485001851C0 /* KSMWorksheetsTests.m */,
				787B308517836485001851C0 /* KSMExpressionEvaluatorTests.m */,
				787B3072178361BC001851C0 /* AmalieTests.m */,
				787B306D178361BC001851C0 /* Supporting Files */,
			);
			path = AmalieTests;
			sourceTree = "<group>";
		};
		787B306D178361BC001851C0 /* Supporting Files */ = {
			isa = PBXGroup;
			children = (
				787B306E178361BC001851C0 /* AmalieTests-Info.plist */,
				787B306F178361BC001851C0 /* InfoPlist.strings */,
			);
			name = "Supporting Files";
			sourceTree = "<group>";
		};
		787B307D1783638D001851C0 /* KSMMath */ = {
			isa = PBXGroup;
			children = (
				787B308D178364B8001851C0 /* KSMExpression.h */,
				787B308E178364B8001851C0 /* KSMExpression.m */,
				787B308F178364B8001851C0 /* NSString+KSMMath.h */,
				787B3090178364B8001851C0 /* NSString+KSMMath.m */,
				787B3093178364B8001851C0 /* KSMExpressionEvaluator.h */,
				787B3094178364B8001851C0 /* KSMExpressionEvaluator.m */,
				787B3095178364B8001851C0 /* KSMWorksheet.h */,
				787B3096178364B8001851C0 /* KSMWorksheet.m */,
				7899B2D117ACF596008BDB75 /* KSMReferenceCounter.h */,
				7899B2D217ACF596008BDB75 /* KSMReferenceCounter.m */,
				78BBB2FA17D100DA006B8F07 /* KSMFunction */,
				78EF56A617CF39F400402847 /* KSMMathValue.h */,
				78EF56A717CF39F400402847 /* KSMMathValue.m */,
				78EF56AA17CF3B0B00402847 /* KSMVector.h */,
				78EF56AB17CF3B0B00402847 /* KSMVector.m */,
				78EF56AE17CF3B2200402847 /* KSMMatrix.h */,
				78EF56AF17CF3B2200402847 /* KSMMatrix.m */,
			);
			name = KSMMath;
			sourceTree = "<group>";
		};
		788709C0178D35CD008E093A /* Preferences Pane views */ = {
			isa = PBXGroup;
			children = (
				788709BD178C3F3F008E093A /* AMPreferencesTrayTableColorwellCellView.h */,
				788709BE178C3F3F008E093A /* AMPreferencesTrayTableColorwellCellView.m */,
			);
			name = "Preferences Pane views";
			sourceTree = "<group>";
		};
		788709C1178D35F5008E093A /* Workheet views */ = {
			isa = PBXGroup;
			children = (
				785247C7178552A700F6A7AD /* AMWorksheetView.h */,
				785247C8178552A700F6A7AD /* AMWorksheetView.m */,
				78D5FD8917905CA0003D6AC6 /* Insertable Views */,
			);
			name = "Workheet views";
			sourceTree = "<group>";
		};
		788709C2178D36D7008E093A /* Toolbox views */ = {
			isa = PBXGroup;
			children = (
				785247CA1785532F00F6A7AD /* AMToolboxView.h */,
				785247CB1785532F00F6A7AD /* AMToolboxView.m */,
			);
			name = "Toolbox views";
			sourceTree = "<group>";
		};
		7899B2F817AD3829008BDB75 /* Content Views */ = {
			isa = PBXGroup;
			children = (
				785D9A31179DFFAF004D39B5 /* AMContentView.h */,
				785D9A32179DFFAF004D39B5 /* AMContentView.m */,
				7899B2D717AD0DB9008BDB75 /* AMConstantContentView.xib */,
				7899B2F917AD3A27008BDB75 /* AMConstantContentView.h */,
				7899B2FA17AD3A27008BDB75 /* AMConstantContentView.m */,
				7899B2DC17AD0DFC008BDB75 /* AMVariableContentView.xib */,
				7899B2FC17AD3A64008BDB75 /* AMVariableContentView.h */,
				7899B2FD17AD3A64008BDB75 /* AMVariableContentView.m */,
				785D9A20179C5930004D39B5 /* AMExpressionContentView.xib */,
				785247D01786AC9300F6A7AD /* AMExpressionContentView.h */,
				785247D11786AC9300F6A7AD /* AMExpressionContentView.m */,
				78B205C717D5DBC50059773A /* AMFunctionContentView.xib */,
				78B205C917D5DC1D0059773A /* AMFunctionContentView.h */,
				78B205CA17D5DC1D0059773A /* AMFunctionContentView.m */,
				7899B2E117AD0E15008BDB75 /* AMEquationContentView.xib */,
				7899B2FF17AD3AA2008BDB75 /* AMEquationContentView.h */,
				7899B30017AD3AA2008BDB75 /* AMEquationContentView.m */,
				7899B2E617AD0E26008BDB75 /* AMVectorContentView.xib */,
				7899B30217AD3ACD008BDB75 /* AMVectorContentView.h */,
				7899B30317AD3ACD008BDB75 /* AMVectorContentView.m */,
				7899B2EB17AD0E42008BDB75 /* AMMatrixContentView.xib */,
				7899B30517AD3AEB008BDB75 /* AMMatrixContentView.h */,
				7899B30617AD3AEB008BDB75 /* AMMatrixContentView.m */,
				7899B2F017AD0E58008BDB75 /* AMMathematicalSetContentView.xib */,
				7899B30817AD3B0B008BDB75 /* AMMathematicalSetContentView.h */,
				7899B30917AD3B0B008BDB75 /* AMMathematicalSetContentView.m */,
				7899B2F517AD0E6A008BDB75 /* AMGraph2DContentView.xib */,
				7899B30B17AD3B2F008BDB75 /* AMGraph2DContentView.h */,
				7899B30C17AD3B2F008BDB75 /* AMGraph2DContentView.m */,
				78CDC76417B0F12700BDC8D7 /* Interior object views */,
			);
			name = "Content Views";
			sourceTree = "<group>";
		};
		78BBB2FA17D100DA006B8F07 /* KSMFunction */ = {
			isa = PBXGroup;
			children = (
				78DE598117CB6F5F003F0181 /* KSMFunctionArgumentList.h */,
				78DE598217CB6F5F003F0181 /* KSMFunctionArgumentList.m */,
				78EF56A217CCA2E400402847 /* KSMFunctionArgument.h */,
				78EF56A317CCA2E400402847 /* KSMFunctionArgument.m */,
				78DE597D17CB6EE5003F0181 /* KSMFunction.h */,
				78DE597E17CB6EE5003F0181 /* KSMFunction.m */,
				78BBB2FF17D106C7006B8F07 /* KSMStandardFunction1v.h */,
				78BBB30017D106C8006B8F07 /* KSMStandardFunction1v.m */,
				78BBB2FB17D10490006B8F07 /* KSMUserFunction.h */,
				78BBB2FC17D10490006B8F07 /* KSMUserFunction.m */,
			);
			name = KSMFunction;
			sourceTree = "<group>";
		};
		78CDC75F17AFA66000BDC8D7 /* Protocols */ = {
			isa = PBXGroup;
			children = (
				789B85C717952E44005FD5C7 /* AMWorksheetViewDelegate.h */,
				785D9A2B179D90B8004D39B5 /* AMInsertableViewDelegate.h */,
				78327449178F14920051290B /* AMTrayDatasource.h */,
				78B835AF179ED1A50032B459 /* AMInsertableViewDataSource.h */,
				78CDC76017AFFE6000BDC8D7 /* AMContentViewDataSource.h */,
				788F637717BF586B00EC68CC /* AMQuotientBaselining.h */,
				78B205C317D47B470059773A /* KSMReferenceCountedObject.h */,
			);
			name = Protocols;
			sourceTree = "<group>";
		};
		78CDC76417B0F12700BDC8D7 /* Interior object views */ = {
			isa = PBXGroup;
			children = (
				78CDC76517B0F1F400BDC8D7 /* AMExpressionNodeView.h */,
				78CDC76617B0F1F400BDC8D7 /* AMExpressionNodeView.m */,
				7847ECCE17B777CB00333A84 /* AMExpressionDisplayOptions.h */,
				7847ECCF17B777CB00333A84 /* AMExpressionDisplayOptions.m */,
				78A0471F17BBEEF900B5703E /* AMOperatorView.h */,
				78A0472017BBEEF900B5703E /* AMOperatorView.m */,
				78702B9217C3510E006A4331 /* AMNameView.h */,
				78702B9317C3510E006A4331 /* AMNameView.m */,
			);
			name = "Interior object views";
			sourceTree = "<group>";
		};
		78D5FD8917905CA0003D6AC6 /* Insertable Views */ = {
			isa = PBXGroup;
			children = (
				78CDC75617AF843A00BDC8D7 /* AMGroupedView.h */,
				78CDC75717AF843A00BDC8D7 /* AMGroupedView.m */,
				785D9A2F179DE475004D39B5 /* AMInsertableView.xib */,
				785247CD1785722700F6A7AD /* AMInsertableView.h */,
				785247CE1785722700F6A7AD /* AMInsertableView.m */,
				7899B2F817AD3829008BDB75 /* Content Views */,
			);
			name = "Insertable Views";
			sourceTree = "<group>";
		};
		78DE823C178365DC00C7EE10 /* KSMPrime */ = {
			isa = PBXGroup;
			children = (
				78DE823D1783664400C7EE10 /* KSMPrimes.h */,
				78DE823E1783664400C7EE10 /* KSMPrimes.m */,
				78DE82431783664400C7EE10 /* KSMPrimeDecomposition.h */,
				78DE82441783664400C7EE10 /* KSMPrimeDecomposition.m */,
			);
			name = KSMPrime;
			sourceTree = "<group>";
		};
/* End PBXGroup section */

/* Begin PBXNativeTarget section */
		787B303E178361BC001851C0 /* Amalie */ = {
			isa = PBXNativeTarget;
			buildConfigurationList = 787B3076178361BC001851C0 /* Build configuration list for PBXNativeTarget "Amalie" */;
			buildPhases = (
				787B303B178361BC001851C0 /* Sources */,
				787B303C178361BC001851C0 /* Frameworks */,
				787B303D178361BC001851C0 /* Resources */,
			);
			buildRules = (
			);
			dependencies = (
			);
			name = Amalie;
			productName = Amalie;
			productReference = 787B303F178361BC001851C0 /* Amalie.app */;
			productType = "com.apple.product-type.application";
		};
		787B3065178361BC001851C0 /* AmalieTests */ = {
			isa = PBXNativeTarget;
			buildConfigurationList = 787B3079178361BC001851C0 /* Build configuration list for PBXNativeTarget "AmalieTests" */;
			buildPhases = (
				787B3062178361BC001851C0 /* Sources */,
				787B3063178361BC001851C0 /* Frameworks */,
				787B3064178361BC001851C0 /* Resources */,
			);
			buildRules = (
			);
			dependencies = (
				787B306B178361BC001851C0 /* PBXTargetDependency */,
			);
			name = AmalieTests;
			productName = AmalieTests;
			productReference = 787B3066178361BC001851C0 /* AmalieTests.xctest */;
			productType = "com.apple.product-type.bundle.unit-test";
		};
/* End PBXNativeTarget section */

/* Begin PBXProject section */
		787B3037178361BC001851C0 /* Project object */ = {
			isa = PBXProject;
			attributes = {
				CLASSPREFIX = AM;
				LastUpgradeCheck = 0500;
				ORGANIZATIONNAME = "Keith Staines";
				TargetAttributes = {
					787B3065178361BC001851C0 = {
						TestTargetID = 787B303E178361BC001851C0;
					};
				};
			};
			buildConfigurationList = 787B303A178361BC001851C0 /* Build configuration list for PBXProject "Amalie" */;
			compatibilityVersion = "Xcode 3.2";
			developmentRegion = English;
			hasScannedForEncodings = 0;
			knownRegions = (
				en,
				Base,
			);
			mainGroup = 787B3036178361BC001851C0;
			productRefGroup = 787B3040178361BC001851C0 /* Products */;
			projectDirPath = "";
			projectRoot = "";
			targets = (
				787B303E178361BC001851C0 /* Amalie */,
				787B3065178361BC001851C0 /* AmalieTests */,
			);
		};
/* End PBXProject section */

/* Begin PBXResourcesBuildPhase section */
		787B303D178361BC001851C0 /* Resources */ = {
			isa = PBXResourcesBuildPhase;
			buildActionMask = 2147483647;
			files = (
				787B3059178361BC001851C0 /* AMWorksheet.xib in Resources */,
				787B3061178361BC001851C0 /* Images.xcassets in Resources */,
				7899B2DE17AD0DFC008BDB75 /* AMVariableContentView.xib in Resources */,
				7899B2E317AD0E16008BDB75 /* AMEquationContentView.xib in Resources */,
				78B205C817D5DBC50059773A /* AMFunctionContentView.xib in Resources */,
				787B304D178361BC001851C0 /* InfoPlist.strings in Resources */,
				7899B2D917AD0DB9008BDB75 /* AMConstantContentView.xib in Resources */,
				785D9A22179C5930004D39B5 /* AMExpressionContentView.xib in Resources */,
				7899B2E817AD0E26008BDB75 /* AMVectorContentView.xib in Resources */,
				787B3053178361BC001851C0 /* Credits.rtf in Resources */,
				784D6F01178A1217002BE03A /* AMPreferencesWindow.xib in Resources */,
				787B305C178361BC001851C0 /* MainMenu.xib in Resources */,
				7899B2F217AD0E58008BDB75 /* AMMathematicalSetContentView.xib in Resources */,
				7899B2ED17AD0E42008BDB75 /* AMMatrixContentView.xib in Resources */,
				785D9A30179DE475004D39B5 /* AMInsertableView.xib in Resources */,
				7899B2F717AD0E6A008BDB75 /* AMGraph2DContentView.xib in Resources */,
			);
			runOnlyForDeploymentPostprocessing = 0;
		};
		787B3064178361BC001851C0 /* Resources */ = {
			isa = PBXResourcesBuildPhase;
			buildActionMask = 2147483647;
			files = (
				787B3071178361BC001851C0 /* InfoPlist.strings in Resources */,
			);
			runOnlyForDeploymentPostprocessing = 0;
		};
/* End PBXResourcesBuildPhase section */

/* Begin PBXSourcesBuildPhase section */
		787B303B178361BC001851C0 /* Sources */ = {
			isa = PBXSourcesBuildPhase;
			buildActionMask = 2147483647;
			files = (
				788709BF178C3F3F008E093A /* AMPreferencesTrayTableColorwellCellView.m in Sources */,
				787B309F178364B8001851C0 /* KSMWorksheet.m in Sources */,
				785247C9178552A700F6A7AD /* AMWorksheetView.m in Sources */,
				7847ECD017B777CB00333A84 /* AMExpressionDisplayOptions.m in Sources */,
				7899B2D317ACF596008BDB75 /* KSMReferenceCounter.m in Sources */,
				789CB123178B0BCC00B5AF58 /* AMConstants.m in Sources */,
				7899B2E717AD0E26008BDB75 /* AMVectorContentViewController.m in Sources */,
				7899B2DD17AD0DFC008BDB75 /* AMVariableContentViewController.m in Sources */,
				78EF56B017CF3B2200402847 /* KSMMatrix.m in Sources */,
				78A0472117BBEEF900B5703E /* AMOperatorView.m in Sources */,
				785D9A2E179D9BED004D39B5 /* AMContentViewController.m in Sources */,
				78DE598317CB6F5F003F0181 /* KSMFunctionArgumentList.m in Sources */,
				78AEEB5F179EF96C00BFF474 /* AMInsertableRecord.m in Sources */,
				78BBB30117D106C8006B8F07 /* KSMStandardFunction1v.m in Sources */,
				7899B30417AD3ACD008BDB75 /* AMVectorContentView.m in Sources */,
				78CDC76717B0F1F400BDC8D7 /* AMExpressionNodeView.m in Sources */,
				7899B2F617AD0E6A008BDB75 /* AMGraph2DContentViewController.m in Sources */,
				787B3056178361BC001851C0 /* AMWorksheetController.m in Sources */,
				785247CF1785722700F6A7AD /* AMInsertableView.m in Sources */,
				78702B9417C3510E006A4331 /* AMNameView.m in Sources */,
				78EF56A417CCA2E400402847 /* KSMFunctionArgument.m in Sources */,
				78DE597F17CB6EE5003F0181 /* KSMFunction.m in Sources */,
				784D6EFE1789CC97002BE03A /* AMPreferencesWindowController.m in Sources */,
				7899B2F117AD0E58008BDB75 /* AMMathematicalSetContentViewController.m in Sources */,
				7899B2FE17AD3A64008BDB75 /* AMVariableContentView.m in Sources */,
				78CDC75817AF843A00BDC8D7 /* AMGroupedView.m in Sources */,
				78CDC75E17AFA30700BDC8D7 /* AMViewHelper.m in Sources */,
				7899B2FB17AD3A27008BDB75 /* AMConstantContentView.m in Sources */,
				7899B2EC17AD0E42008BDB75 /* AMMatrixContentViewController.m in Sources */,
				78B205C617D5D6F80059773A /* AMFunctionContentViewController.m in Sources */,
				78B205CB17D5DC1D0059773A /* AMFunctionContentView.m in Sources */,
				78EF56AC17CF3B0B00402847 /* KSMVector.m in Sources */,
				785247D21786AC9300F6A7AD /* AMExpressionContentView.m in Sources */,
				7899B2D817AD0DB9008BDB75 /* AMConstantContentViewController.m in Sources */,
				78BBB2FD17D10490006B8F07 /* KSMUserFunction.m in Sources */,
				7899B30717AD3AEB008BDB75 /* AMMatrixContentView.m in Sources */,
				7811D2CB17A255380024839B /* AMRefTreeNode.m in Sources */,
				7899B30117AD3AA2008BDB75 /* AMEquationContentView.m in Sources */,
				787B3099178364B8001851C0 /* NSString+KSMMath.m in Sources */,
				78DE82451783664400C7EE10 /* KSMPrimes.m in Sources */,
				7832744C178F1D810051290B /* AMTrayItem.m in Sources */,
				7899B30A17AD3B0B008BDB75 /* AMMathematicalSetContentView.m in Sources */,
				785D9A26179D716D004D39B5 /* AMInsertableViewController.m in Sources */,
				78DE824B1783664400C7EE10 /* KSMPrimeDecomposition.m in Sources */,
				787B3097178364B8001851C0 /* KSMExpression.m in Sources */,
				785D9A33179DFFAF004D39B5 /* AMContentView.m in Sources */,
				7811D2CF17A257710024839B /* AMReferencedObjectHolder.m in Sources */,
				787B305F178361BC001851C0 /* AMDocument.xcdatamodeld in Sources */,
				7899B2E217AD0E16008BDB75 /* AMEquationContentViewController.m in Sources */,
				7899B30D17AD3B2F008BDB75 /* AMGraph2DContentView.m in Sources */,
				78AEEB5B179EF38900BFF474 /* AMNameRules.m in Sources */,
				785D9A21179C5930004D39B5 /* AMExpressionContentViewController.m in Sources */,
				7811D2C617A2550E0024839B /* AMRefTree.m in Sources */,
				784D6EFA1789CC11002BE03A /* AMAppController.m in Sources */,
				787B304F178361BC001851C0 /* main.m in Sources */,
				787B309D178364B8001851C0 /* KSMExpressionEvaluator.m in Sources */,
				785247CC1785532F00F6A7AD /* AMToolboxView.m in Sources */,
				788709C5178DAEAB008E093A /* AMPreferences.m in Sources */,
				785247C317848A4A00F6A7AD /* AMToolboxViewController.m in Sources */,
				78EF56A817CF39F400402847 /* KSMMathValue.m in Sources */,
			);
			runOnlyForDeploymentPostprocessing = 0;
		};
		787B3062178361BC001851C0 /* Sources */ = {
			isa = PBXSourcesBuildPhase;
			buildActionMask = 2147483647;
			files = (
				78EF56AD17CF3B0B00402847 /* KSMVector.m in Sources */,
				787B3073178361BC001851C0 /* AmalieTests.m in Sources */,
				7811D2C717A2550E0024839B /* AMRefTree.m in Sources */,
				787B309E178364B8001851C0 /* KSMExpressionEvaluator.m in Sources */,
				7832744D178F1D810051290B /* AMTrayItem.m in Sources */,
				787B309A178364B8001851C0 /* NSString+KSMMath.m in Sources */,
				78DE824C1783664400C7EE10 /* KSMPrimeDecomposition.m in Sources */,
				788709C6178DAEAB008E093A /* AMPreferences.m in Sources */,
				787B308C17836485001851C0 /* KSMExpressionEvaluatorTests.m in Sources */,
				78DE598017CB6EE5003F0181 /* KSMFunction.m in Sources */,
				78BBB2FE17D10490006B8F07 /* KSMUserFunction.m in Sources */,
				787B308717836485001851C0 /* KSMPrimeDecompositionTests.m in Sources */,
				78AEEB5C179EF38900BFF474 /* AMNameRules.m in Sources */,
				7811D2D017A257710024839B /* AMReferencedObjectHolder.m in Sources */,
				7811D2CC17A255380024839B /* AMRefTreeNode.m in Sources */,
				78EF56A517CCA2E400402847 /* KSMFunctionArgument.m in Sources */,
				787B308A17836485001851C0 /* KSMWorksheetsTests.m in Sources */,
				78DE598417CB6F5F003F0181 /* KSMFunctionArgumentList.m in Sources */,
				78EF56B117CF3B2200402847 /* KSMMatrix.m in Sources */,
				787B30A0178364B8001851C0 /* KSMWorksheet.m in Sources */,
				78BBB30217D106C8006B8F07 /* KSMStandardFunction1v.m in Sources */,
				787B308617836485001851C0 /* KSMPrimeTests.m in Sources */,
				78EF56A917CF39F400402847 /* KSMMathValue.m in Sources */,
				787B308817836485001851C0 /* NSString_KSMathTests.m in Sources */,
				789CB124178B0BCC00B5AF58 /* AMConstants.m in Sources */,
				787B308917836485001851C0 /* KSMExpressionTests.m in Sources */,
				7899B2D417ACF596008BDB75 /* KSMReferenceCounter.m in Sources */,
				78DE82461783664400C7EE10 /* KSMPrimes.m in Sources */,
				787B3098178364B8001851C0 /* KSMExpression.m in Sources */,
			);
			runOnlyForDeploymentPostprocessing = 0;
		};
/* End PBXSourcesBuildPhase section */

/* Begin PBXTargetDependency section */
		787B306B178361BC001851C0 /* PBXTargetDependency */ = {
			isa = PBXTargetDependency;
			target = 787B303E178361BC001851C0 /* Amalie */;
			targetProxy = 787B306A178361BC001851C0 /* PBXContainerItemProxy */;
		};
/* End PBXTargetDependency section */

/* Begin PBXVariantGroup section */
		787B304B178361BC001851C0 /* InfoPlist.strings */ = {
			isa = PBXVariantGroup;
			children = (
				787B304C178361BC001851C0 /* en */,
			);
			name = InfoPlist.strings;
			sourceTree = "<group>";
		};
		787B3051178361BC001851C0 /* Credits.rtf */ = {
			isa = PBXVariantGroup;
			children = (
				787B3052178361BC001851C0 /* en */,
			);
			name = Credits.rtf;
			sourceTree = "<group>";
		};
		787B3057178361BC001851C0 /* AMWorksheet.xib */ = {
			isa = PBXVariantGroup;
			children = (
				787B3058178361BC001851C0 /* Base */,
			);
			name = AMWorksheet.xib;
			sourceTree = "<group>";
		};
		787B305A178361BC001851C0 /* MainMenu.xib */ = {
			isa = PBXVariantGroup;
			children = (
				787B305B178361BC001851C0 /* Base */,
			);
			name = MainMenu.xib;
			sourceTree = "<group>";
		};
		787B306F178361BC001851C0 /* InfoPlist.strings */ = {
			isa = PBXVariantGroup;
			children = (
				787B3070178361BC001851C0 /* en */,
			);
			name = InfoPlist.strings;
			sourceTree = "<group>";
		};
/* End PBXVariantGroup section */

/* Begin XCBuildConfiguration section */
		787B3074178361BC001851C0 /* Debug */ = {
			isa = XCBuildConfiguration;
			buildSettings = {
				ALWAYS_SEARCH_USER_PATHS = NO;
				CLANG_CXX_LANGUAGE_STANDARD = "gnu++0x";
				CLANG_CXX_LIBRARY = "libc++";
				CLANG_ENABLE_MODULES = YES;
				CLANG_ENABLE_OBJC_ARC = YES;
				CLANG_WARN_BOOL_CONVERSION = YES;
				CLANG_WARN_CONSTANT_CONVERSION = YES;
				CLANG_WARN_DIRECT_OBJC_ISA_USAGE = YES_ERROR;
				CLANG_WARN_EMPTY_BODY = YES;
				CLANG_WARN_ENUM_CONVERSION = YES;
				CLANG_WARN_INT_CONVERSION = YES;
				CLANG_WARN_OBJC_ROOT_CLASS = YES_ERROR;
				CLANG_WARN__DUPLICATE_METHOD_MATCH = YES;
				COPY_PHASE_STRIP = NO;
				GCC_C_LANGUAGE_STANDARD = gnu99;
				GCC_DYNAMIC_NO_PIC = NO;
				GCC_ENABLE_OBJC_EXCEPTIONS = YES;
				GCC_OPTIMIZATION_LEVEL = 0;
				GCC_PREPROCESSOR_DEFINITIONS = (
					"DEBUG=1",
					"$(inherited)",
				);
				GCC_SYMBOLS_PRIVATE_EXTERN = NO;
				GCC_WARN_64_TO_32_BIT_CONVERSION = YES;
				GCC_WARN_ABOUT_RETURN_TYPE = YES_ERROR;
				GCC_WARN_UNDECLARED_SELECTOR = YES;
				GCC_WARN_UNINITIALIZED_AUTOS = YES;
				GCC_WARN_UNUSED_FUNCTION = YES;
				GCC_WARN_UNUSED_VARIABLE = YES;
				MACOSX_DEPLOYMENT_TARGET = 10.9;
				ONLY_ACTIVE_ARCH = YES;
				SDKROOT = macosx;
			};
			name = Debug;
		};
		787B3075178361BC001851C0 /* Release */ = {
			isa = XCBuildConfiguration;
			buildSettings = {
				ALWAYS_SEARCH_USER_PATHS = NO;
				CLANG_CXX_LANGUAGE_STANDARD = "gnu++0x";
				CLANG_CXX_LIBRARY = "libc++";
				CLANG_ENABLE_MODULES = YES;
				CLANG_ENABLE_OBJC_ARC = YES;
				CLANG_WARN_BOOL_CONVERSION = YES;
				CLANG_WARN_CONSTANT_CONVERSION = YES;
				CLANG_WARN_DIRECT_OBJC_ISA_USAGE = YES_ERROR;
				CLANG_WARN_EMPTY_BODY = YES;
				CLANG_WARN_ENUM_CONVERSION = YES;
				CLANG_WARN_INT_CONVERSION = YES;
				CLANG_WARN_OBJC_ROOT_CLASS = YES_ERROR;
				CLANG_WARN__DUPLICATE_METHOD_MATCH = YES;
				COPY_PHASE_STRIP = YES;
				DEBUG_INFORMATION_FORMAT = "dwarf-with-dsym";
				ENABLE_NS_ASSERTIONS = NO;
				GCC_C_LANGUAGE_STANDARD = gnu99;
				GCC_ENABLE_OBJC_EXCEPTIONS = YES;
				GCC_WARN_64_TO_32_BIT_CONVERSION = YES;
				GCC_WARN_ABOUT_RETURN_TYPE = YES_ERROR;
				GCC_WARN_UNDECLARED_SELECTOR = YES;
				GCC_WARN_UNINITIALIZED_AUTOS = YES;
				GCC_WARN_UNUSED_FUNCTION = YES;
				GCC_WARN_UNUSED_VARIABLE = YES;
				MACOSX_DEPLOYMENT_TARGET = 10.9;
				SDKROOT = macosx;
			};
			name = Release;
		};
		787B3077178361BC001851C0 /* Debug */ = {
			isa = XCBuildConfiguration;
			buildSettings = {
				ASSETCATALOG_COMPILER_APPICON_NAME = AppIcon;
				CODE_SIGN_IDENTITY = "Mac Developer";
				COMBINE_HIDPI_IMAGES = YES;
				GCC_PRECOMPILE_PREFIX_HEADER = YES;
				GCC_PREFIX_HEADER = "Amalie/Amalie-Prefix.pch";
				INFOPLIST_FILE = "Amalie/Amalie-Info.plist";
				MACOSX_DEPLOYMENT_TARGET = 10.8;
				PRODUCT_NAME = "$(TARGET_NAME)";
				WRAPPER_EXTENSION = app;
			};
			name = Debug;
		};
		787B3078178361BC001851C0 /* Release */ = {
			isa = XCBuildConfiguration;
			buildSettings = {
				ASSETCATALOG_COMPILER_APPICON_NAME = AppIcon;
				CODE_SIGN_IDENTITY = "Mac Developer";
				COMBINE_HIDPI_IMAGES = YES;
				GCC_PRECOMPILE_PREFIX_HEADER = YES;
				GCC_PREFIX_HEADER = "Amalie/Amalie-Prefix.pch";
				INFOPLIST_FILE = "Amalie/Amalie-Info.plist";
				MACOSX_DEPLOYMENT_TARGET = 10.8;
				PRODUCT_NAME = "$(TARGET_NAME)";
				WRAPPER_EXTENSION = app;
			};
			name = Release;
		};
		787B307A178361BC001851C0 /* Debug */ = {
			isa = XCBuildConfiguration;
			buildSettings = {
				BUNDLE_LOADER = "$(BUILT_PRODUCTS_DIR)/Amalie.app/Contents/MacOS/Amalie";
				COMBINE_HIDPI_IMAGES = YES;
				FRAMEWORK_SEARCH_PATHS = (
					"$(DEVELOPER_FRAMEWORKS_DIR)",
					"$(inherited)",
				);
				GCC_PRECOMPILE_PREFIX_HEADER = YES;
				GCC_PREFIX_HEADER = "Amalie/Amalie-Prefix.pch";
				GCC_PREPROCESSOR_DEFINITIONS = (
					"DEBUG=1",
					"$(inherited)",
				);
				INFOPLIST_FILE = "AmalieTests/AmalieTests-Info.plist";
				PRODUCT_NAME = "$(TARGET_NAME)";
				TEST_HOST = "$(BUNDLE_LOADER)";
				WRAPPER_EXTENSION = xctest;
			};
			name = Debug;
		};
		787B307B178361BC001851C0 /* Release */ = {
			isa = XCBuildConfiguration;
			buildSettings = {
				BUNDLE_LOADER = "$(BUILT_PRODUCTS_DIR)/Amalie.app/Contents/MacOS/Amalie";
				COMBINE_HIDPI_IMAGES = YES;
				FRAMEWORK_SEARCH_PATHS = (
					"$(DEVELOPER_FRAMEWORKS_DIR)",
					"$(inherited)",
				);
				GCC_PRECOMPILE_PREFIX_HEADER = YES;
				GCC_PREFIX_HEADER = "Amalie/Amalie-Prefix.pch";
				INFOPLIST_FILE = "AmalieTests/AmalieTests-Info.plist";
				PRODUCT_NAME = "$(TARGET_NAME)";
				TEST_HOST = "$(BUNDLE_LOADER)";
				WRAPPER_EXTENSION = xctest;
			};
			name = Release;
		};
/* End XCBuildConfiguration section */

/* Begin XCConfigurationList section */
		787B303A178361BC001851C0 /* Build configuration list for PBXProject "Amalie" */ = {
			isa = XCConfigurationList;
			buildConfigurations = (
				787B3074178361BC001851C0 /* Debug */,
				787B3075178361BC001851C0 /* Release */,
			);
			defaultConfigurationIsVisible = 0;
			defaultConfigurationName = Release;
		};
		787B3076178361BC001851C0 /* Build configuration list for PBXNativeTarget "Amalie" */ = {
			isa = XCConfigurationList;
			buildConfigurations = (
				787B3077178361BC001851C0 /* Debug */,
				787B3078178361BC001851C0 /* Release */,
			);
			defaultConfigurationIsVisible = 0;
			defaultConfigurationName = Release;
		};
		787B3079178361BC001851C0 /* Build configuration list for PBXNativeTarget "AmalieTests" */ = {
			isa = XCConfigurationList;
			buildConfigurations = (
				787B307A178361BC001851C0 /* Debug */,
				787B307B178361BC001851C0 /* Release */,
			);
			defaultConfigurationIsVisible = 0;
			defaultConfigurationName = Release;
		};
/* End XCConfigurationList section */

/* Begin XCVersionGroup section */
		787B305D178361BC001851C0 /* AMDocument.xcdatamodeld */ = {
			isa = XCVersionGroup;
			children = (
				787B305E178361BC001851C0 /* AMDocument.xcdatamodel */,
			);
			currentVersion = 787B305E178361BC001851C0 /* AMDocument.xcdatamodel */;
			path = AMDocument.xcdatamodeld;
			sourceTree = "<group>";
			versionGroupType = wrapper.xcdatamodel;
		};
/* End XCVersionGroup section */
	};
	rootObject = 787B3037178361BC001851C0 /* Project object */;
}
